
Microsoft Visual Studio Solution File, Format Version 12.00
# Visual Studio Version 17
VisualStudioVersion = 17.0.32112.339
MinimumVisualStudioVersion = 10.0.40219.1
Project("{9A19103F-16F7-4668-BE54-9A1E7A4F7556}") = "P01-Valid-Usernames", "P01-Valid-Usernames\P01-Valid-Usernames.csproj", "{E534C0BA-395B-4EE8-B250-B99EE63578A8}"
EndProject
Project("{9A19103F-16F7-4668-BE54-9A1E7A4F7556}") = "P01_Diagonal_Differance", "P01_Diagonal_Differance\P01_Diagonal_Differance.csproj", "{0B158578-E948-4D4C-86E6-621894B336E8}"
EndProject
Project("{9A19103F-16F7-4668-BE54-9A1E7A4F7556}") = "P08Letters_Change_Numbers", "P08Letters_Change_Numbers\P08Letters_Change_Numbers.csproj", "{C3FEB894-3525-4532-9B41-A17E50F7D4D5}"
EndProject
Project("{FAE04EC0-301F-11D3-BF4B-00C04F79EFBC}") = "P03_Extract_File", "P03_Extract_File\P03_Extract_File.csproj", "{B5E11856-F974-4E8F-B0EE-EB0FFEC16D21}"
EndProject
Project("{FAE04EC0-301F-11D3-BF4B-00C04F79EFBC}") = "P02_Character_Multiplier", "P02_Character_Multiplier\P02_Character_Multiplier.csproj", "{F2FFED72-5DEA-480B-B8E0-11D771E0CF9E}"
EndProject
Project("{FAE04EC0-301F-11D3-BF4B-00C04F79EFBC}") = "P0Mltiply_Big_Number", "P0Mltiply_Big_Number\P0Mltiply_Big_Number.csproj", "{B298F77E-C586-4B25-BAD6-D951348BDA62}"
EndProject
Project("{FAE04EC0-301F-11D3-BF4B-00C04F79EFBC}") = "P07_String_Explosion", "P07_String_Explosion\P07_String_Explosion.csproj", "{05182520-AFC1-44CC-A3EF-DA90709E4C2E}"
EndProject
Global
	GlobalSection(SolutionConfigurationPlatforms) = preSolution
		Debug|Any CPU = Debug|Any CPU
		Release|Any CPU = Release|Any CPU
	EndGlobalSection
	GlobalSection(ProjectConfigurationPlatforms) = postSolution
		{E534C0BA-395B-4EE8-B250-B99EE63578A8}.Debug|Any CPU.ActiveCfg = Debug|Any CPU
		{E534C0BA-395B-4EE8-B250-B99EE63578A8}.Debug|Any CPU.Build.0 = Debug|Any CPU
		{E534C0BA-395B-4EE8-B250-B99EE63578A8}.Release|Any CPU.ActiveCfg = Release|Any CPU
		{E534C0BA-395B-4EE8-B250-B99EE63578A8}.Release|Any CPU.Build.0 = Release|Any CPU
		{0B158578-E948-4D4C-86E6-621894B336E8}.Debug|Any CPU.ActiveCfg = Debug|Any CPU
		{0B158578-E948-4D4C-86E6-621894B336E8}.Debug|Any CPU.Build.0 = Debug|Any CPU
		{0B158578-E948-4D4C-86E6-621894B336E8}.Release|Any CPU.ActiveCfg = Release|Any CPU
		{0B158578-E948-4D4C-86E6-621894B336E8}.Release|Any CPU.Build.0 = Release|Any CPU
		{C3FEB894-3525-4532-9B41-A17E50F7D4D5}.Debug|Any CPU.ActiveCfg = Debug|Any CPU
		{C3FEB894-3525-4532-9B41-A17E50F7D4D5}.Debug|Any CPU.Build.0 = Debug|Any CPU
		{C3FEB894-3525-4532-9B41-A17E50F7D4D5}.Release|Any CPU.ActiveCfg = Release|Any CPU
		{C3FEB894-3525-4532-9B41-A17E50F7D4D5}.Release|Any CPU.Build.0 = Release|Any CPU
		{B5E11856-F974-4E8F-B0EE-EB0FFEC16D21}.Debug|Any CPU.ActiveCfg = Debug|Any CPU
		{B5E11856-F974-4E8F-B0EE-EB0FFEC16D21}.Debug|Any CPU.Build.0 = Debug|Any CPU
		{B5E11856-F974-4E8F-B0EE-EB0FFEC16D21}.Release|Any CPU.ActiveCfg = Release|Any CPU
		{B5E11856-F974-4E8F-B0EE-EB0FFEC16D21}.Release|Any CPU.Build.0 = Release|Any CPU
		{F2FFED72-5DEA-480B-B8E0-11D771E0CF9E}.Debug|Any CPU.ActiveCfg = Debug|Any CPU
		{F2FFED72-5DEA-480B-B8E0-11D771E0CF9E}.Debug|Any CPU.Build.0 = Debug|Any CPU
		{F2FFED72-5DEA-480B-B8E0-11D771E0CF9E}.Release|Any CPU.ActiveCfg = Release|Any CPU
		{F2FFED72-5DEA-480B-B8E0-11D771E0CF9E}.Release|Any CPU.Build.0 = Release|Any CPU
		{B298F77E-C586-4B25-BAD6-D951348BDA62}.Debug|Any CPU.ActiveCfg = Debug|Any CPU
		{B298F77E-C586-4B25-BAD6-D951348BDA62}.Debug|Any CPU.Build.0 = Debug|Any CPU
		{B298F77E-C586-4B25-BAD6-D951348BDA62}.Release|Any CPU.ActiveCfg = Release|Any CPU
		{B298F77E-C586-4B25-BAD6-D951348BDA62}.Release|Any CPU.Build.0 = Release|Any CPU
		{05182520-AFC1-44CC-A3EF-DA90709E4C2E}.Debug|Any CPU.ActiveCfg = Debug|Any CPU
		{05182520-AFC1-44CC-A3EF-DA90709E4C2E}.Debug|Any CPU.Build.0 = Debug|Any CPU
		{05182520-AFC1-44CC-A3EF-DA90709E4C2E}.Release|Any CPU.ActiveCfg = Release|Any CPU
		{05182520-AFC1-44CC-A3EF-DA90709E4C2E}.Release|Any CPU.Build.0 = Release|Any CPU
	EndGlobalSection
	GlobalSection(SolutionProperties) = preSolution
		HideSolutionNode = FALSE
	EndGlobalSection
	GlobalSection(ExtensibilityGlobals) = postSolution
		SolutionGuid = {D64BE817-4D20-42C3-A814-B01A97054863}
	EndGlobalSection
EndGlobal
