
Microsoft Visual Studio Solution File, Format Version 12.00
# Visual Studio Version 17
VisualStudioVersion = 17.0.31919.166
MinimumVisualStudioVersion = 10.0.40219.1
Project("{9A19103F-16F7-4668-BE54-9A1E7A4F7556}") = "USDtoBGN", "First steps in programing\USDtoBGN.csproj", "{DF80BA54-DF20-416B-90B1-BF2146AB872F}"
EndProject
Project("{9A19103F-16F7-4668-BE54-9A1E7A4F7556}") = "RadianstoDegrees", "RadianstoDegrees\RadianstoDegrees.csproj", "{317D559E-967B-44FF-8859-602A52FCE437}"
EndProject
Project("{9A19103F-16F7-4668-BE54-9A1E7A4F7556}") = "DepositCalculator", "DepositCalculator\DepositCalculator.csproj", "{7329F30B-B1B0-44FB-A733-EB8116D8D2F3}"
EndProject
Project("{9A19103F-16F7-4668-BE54-9A1E7A4F7556}") = "Hello SoftUni", "Hello SoftUni\Hello SoftUni.csproj", "{D2685840-D72C-4292-888C-0A9CF3BDBD3D}"
EndProject
Project("{9A19103F-16F7-4668-BE54-9A1E7A4F7556}") = "Nums 1 to 10", "Nums 1 to 10\Nums 1 to 10.csproj", "{A7F491C4-C576-46AB-A9DE-92347BA0A176}"
EndProject
Project("{9A19103F-16F7-4668-BE54-9A1E7A4F7556}") = "Rectangle_Area", "Rectangle_Area\Rectangle_Area.csproj", "{1A6CC1B9-F7E5-4F20-AA0F-ECADAFC04BF2}"
EndProject
Project("{9A19103F-16F7-4668-BE54-9A1E7A4F7556}") = "Project_Creation", "Project_Creation\Project_Creation.csproj", "{E43AFF6F-BA3E-495E-A96D-22D3D32F7EA5}"
EndProject
Project("{9A19103F-16F7-4668-BE54-9A1E7A4F7556}") = "PetShop", "PetShop\PetShop.csproj", "{A211ACD2-853C-4226-9572-BB70803A0692}"
EndProject
Project("{9A19103F-16F7-4668-BE54-9A1E7A4F7556}") = "Yard_Greening", "Yard_Greening\Yard_Greening.csproj", "{EB32A165-690E-499C-9890-460F918F3555}"
EndProject
Project("{9A19103F-16F7-4668-BE54-9A1E7A4F7556}") = "Vacation_Books_List", "Vacation_Books_List\Vacation_Books_List.csproj", "{85D6BE3F-1ED3-4318-8AB1-B0DADD63414D}"
EndProject
Project("{9A19103F-16F7-4668-BE54-9A1E7A4F7556}") = "Supplies_For_School", "Supplies_For_School\Supplies_For_School.csproj", "{B6F79A99-1FD9-45B3-BCC6-6F2DF522A4FF}"
EndProject
Project("{9A19103F-16F7-4668-BE54-9A1E7A4F7556}") = "Repainting", "Repainting\Repainting.csproj", "{262F2BE4-4AD2-4AB8-8B99-B48A18DBFCC4}"
EndProject
Project("{9A19103F-16F7-4668-BE54-9A1E7A4F7556}") = "Food_Delivery", "Food_Delivery\Food_Delivery.csproj", "{28F40104-475F-484C-B22B-021FD0A9574C}"
EndProject
Project("{9A19103F-16F7-4668-BE54-9A1E7A4F7556}") = "Basketball_Equipment", "Basketball_Equipment\Basketball_Equipment.csproj", "{38B7AA07-DBA2-4EB6-B414-D135B2EE3193}"
EndProject
Project("{9A19103F-16F7-4668-BE54-9A1E7A4F7556}") = "Fish_Tank", "Fish_Tank\Fish_Tank.csproj", "{FFAB02F8-9D20-457C-B2AD-A9703D9948CE}"
EndProject
Project("{2150E333-8FDC-42A3-9474-1A3956D46DE8}") = "First Step in Programing", "First Step in Programing", "{7A44B96E-0C60-47F2-91FB-8302606C66B5}"
EndProject
Project("{2150E333-8FDC-42A3-9474-1A3956D46DE8}") = "Conditional Statements", "Conditional Statements", "{840D67D5-7115-40CC-B0C2-84AFF63C1D60}"
EndProject
Project("{9A19103F-16F7-4668-BE54-9A1E7A4F7556}") = "ExcelentResult", "ExcelentResult\ExcelentResult.csproj", "{C2D65B4C-3030-45CF-B9A7-B5A70EE41C6B}"
EndProject
Project("{9A19103F-16F7-4668-BE54-9A1E7A4F7556}") = "Greater_Number", "Greater_Number\Greater_Number.csproj", "{052F1464-273B-46CE-999E-8D5FE9FB1218}"
EndProject
Project("{9A19103F-16F7-4668-BE54-9A1E7A4F7556}") = "Even_Or_Odd", "Even_Or_Odd\Even_Or_Odd.csproj", "{35D56EE6-2E0F-4920-BF86-EB6DDEE48E3B}"
EndProject
Project("{9A19103F-16F7-4668-BE54-9A1E7A4F7556}") = "Guess_Password", "Guess_Password\Guess_Password.csproj", "{E38CE965-6DBF-48DF-A022-9844BCA00D5B}"
EndProject
Project("{9A19103F-16F7-4668-BE54-9A1E7A4F7556}") = "Number_100_200", "Number_100_200\Number_100_200.csproj", "{44103037-9F49-40E9-BF71-E7A41E29CF6E}"
EndProject
Project("{9A19103F-16F7-4668-BE54-9A1E7A4F7556}") = "Speed_Info", "Speed_Info\Speed_Info.csproj", "{D13BE8E3-2ED6-4C40-9B90-D92732453D80}"
EndProject
Project("{9A19103F-16F7-4668-BE54-9A1E7A4F7556}") = "Area_of_Figures", "Area_of_Figures\Area_of_Figures.csproj", "{C69E7FC6-85F5-4BAA-B947-BCC5BEF847C7}"
EndProject
Project("{9A19103F-16F7-4668-BE54-9A1E7A4F7556}") = "Sum_Seconds", "Sum_Seconds\Sum_Seconds.csproj", "{7A60CA4D-F459-4039-A726-5EAE78E7C2E7}"
EndProject
Project("{9A19103F-16F7-4668-BE54-9A1E7A4F7556}") = "Bonus_Score", "Bonus_Score\Bonus_Score.csproj", "{C4D48B7A-E2CE-4F8B-A2DC-329377DB984C}"
EndProject
Project("{2150E333-8FDC-42A3-9474-1A3956D46DE8}") = "While Loop", "While Loop", "{D338A3CD-7D00-4483-9536-6A81CBDE0A3D}"
EndProject
Project("{9A19103F-16F7-4668-BE54-9A1E7A4F7556}") = "T02_Password", "T02_Password\T02_Password.csproj", "{7D51BD5D-796A-402E-BFD5-84C1C86D416F}"
EndProject
Project("{9A19103F-16F7-4668-BE54-9A1E7A4F7556}") = "T01_Read_Text", "T01_Read_Text\T01_Read_Text.csproj", "{5DDF786C-D4B0-4A1F-8716-4184BA716DC1}"
EndProject
Project("{9A19103F-16F7-4668-BE54-9A1E7A4F7556}") = "T03_Sum_Numbers", "T03_Sum_Numbers\T03_Sum_Numbers.csproj", "{A2E17C78-996D-41D5-813C-125879AA6080}"
EndProject
Project("{9A19103F-16F7-4668-BE54-9A1E7A4F7556}") = "T04_Sequence_2k+1", "T04_Sequence_2k+1\T04_Sequence_2k+1.csproj", "{BBDB5B08-DE83-40C1-971D-00D05891A254}"
EndProject
Project("{9A19103F-16F7-4668-BE54-9A1E7A4F7556}") = "T05_Account_Balance", "T05_Account_Balance\T05_Account_Balance.csproj", "{763BED5A-8BF6-42A5-B8D0-E1E5BBF11C40}"
EndProject
Project("{9A19103F-16F7-4668-BE54-9A1E7A4F7556}") = "T06_Max_Number", "T06_Max_Number\T06_Max_Number.csproj", "{C845C0E3-4079-4746-9B03-399FCC0DA511}"
EndProject
Project("{9A19103F-16F7-4668-BE54-9A1E7A4F7556}") = "T07_Min_Number", "T07_Min_Number\T07_Min_Number.csproj", "{32F1ACB7-0410-4502-ABB7-95B4168B623E}"
EndProject
Project("{9A19103F-16F7-4668-BE54-9A1E7A4F7556}") = "T08_Graduation", "T08_Graduation\T08_Graduation.csproj", "{ADD02152-B75A-4758-8CE7-EBE5A276987A}"
EndProject
Project("{9A19103F-16F7-4668-BE54-9A1E7A4F7556}") = "T01_Old_Books", "T01_Old_Books\T01_Old_Books.csproj", "{FE22F567-1172-46D8-926B-E6B610EF5E50}"
EndProject
Project("{9A19103F-16F7-4668-BE54-9A1E7A4F7556}") = "T02_Exam_Preparation", "T02_Exam_Preparation\T02_Exam_Preparation.csproj", "{6D2ABBE8-04E7-4907-B64F-25CB0BD8599B}"
EndProject
Project("{9A19103F-16F7-4668-BE54-9A1E7A4F7556}") = "T03_Vacation", "T03_Vacation\T03_Vacation.csproj", "{8F520A64-EB9D-4F16-AA96-AB167A76B96C}"
EndProject
Project("{2150E333-8FDC-42A3-9474-1A3956D46DE8}") = "While Loop Exercise", "While Loop Exercise", "{25A731D0-087F-4373-B4C7-C46E6A4A1AA0}"
EndProject
Project("{2150E333-8FDC-42A3-9474-1A3956D46DE8}") = "Nested Loops", "Nested Loops", "{831DD8BF-D825-4F79-8BCB-D199A6D11CCF}"
EndProject
Project("{9A19103F-16F7-4668-BE54-9A1E7A4F7556}") = "T01_Clock", "T01_Clock\T01_Clock.csproj", "{52EF200F-EFB3-45F0-9058-174426BBD8F1}"
EndProject
Project("{9A19103F-16F7-4668-BE54-9A1E7A4F7556}") = "T02_Multiplication_Table", "T02_Multiplication_Table\T02_Multiplication_Table.csproj", "{3CEA5A42-59D6-4CB0-AE3B-095376C535B3}"
EndProject
Project("{9A19103F-16F7-4668-BE54-9A1E7A4F7556}") = "T04_Steps", "T04_Steps\T04_Steps.csproj", "{EB200FB2-F58E-41AA-9693-3533AA7821B7}"
EndProject
Project("{9A19103F-16F7-4668-BE54-9A1E7A4F7556}") = "T05_Bank_Balance", "T05_Bank_Balance\T05_Bank_Balance.csproj", "{93172D44-1B30-4F30-A774-E4F75E7B8D3E}"
EndProject
Project("{9A19103F-16F7-4668-BE54-9A1E7A4F7556}") = "T05_Cake", "T05_Cake\T05_Cake.csproj", "{192EB9CF-5DCC-4445-8D2A-7489BBF1246A}"
EndProject
Project("{9A19103F-16F7-4668-BE54-9A1E7A4F7556}") = "T06_Moving", "T06_Moving\T06_Moving.csproj", "{1C8FC6DE-69B2-4F6D-A83E-B9D81B3C2F1F}"
EndProject
Project("{9A19103F-16F7-4668-BE54-9A1E7A4F7556}") = "T07_Coins", "T07_Coins\T07_Coins.csproj", "{8763ED2C-3AE2-4F6E-9E43-0FE36C32516E}"
EndProject
Project("{9A19103F-16F7-4668-BE54-9A1E7A4F7556}") = "P01_Exam", "P01_Exam\P01_Exam.csproj", "{69BB1197-E14A-4320-998C-95DCD3695E15}"
EndProject
Project("{9A19103F-16F7-4668-BE54-9A1E7A4F7556}") = "P02_Exam", "P02_Exam\P02_Exam.csproj", "{828AB39B-2D09-4017-92CA-6808333FEDFE}"
EndProject
Project("{9A19103F-16F7-4668-BE54-9A1E7A4F7556}") = "P03_SantasHoliday", "P03_SantasHoliday\P03_SantasHoliday.csproj", "{4BA18C1F-210E-429D-B564-874686A2E90C}"
EndProject
Project("{9A19103F-16F7-4668-BE54-9A1E7A4F7556}") = "P04_ComputerFirm", "P04_ComputerFirm\P04_ComputerFirm.csproj", "{70532A7D-3E41-4F17-918D-C4667748BA3F}"
EndProject
Project("{9A19103F-16F7-4668-BE54-9A1E7A4F7556}") = "P05_BestPlayer", "P05_BestPlayer\P05_BestPlayer.csproj", "{831588A4-3EA0-42DA-8B22-867D2AB04A13}"
EndProject
Project("{9A19103F-16F7-4668-BE54-9A1E7A4F7556}") = "P06_PinCodes", "P06_PinCodes\P06_PinCodes.csproj", "{0C5B27C8-7F3A-474F-B4E0-5E3B7726AAE5}"
EndProject
Project("{2150E333-8FDC-42A3-9474-1A3956D46DE8}") = "For loop", "For loop", "{15A9C81A-8135-4A5F-941E-017C8DEB8910}"
EndProject
Project("{2150E333-8FDC-42A3-9474-1A3956D46DE8}") = "For loop exercise", "For loop exercise", "{9CEBBEC5-8B4E-4184-B0F0-C6EB3341129C}"
EndProject
Project("{9A19103F-16F7-4668-BE54-9A1E7A4F7556}") = "T01_NumbersFrom1To100", "T01_NumbersFrom1To100\T01_NumbersFrom1To100.csproj", "{E0BBF165-F98E-4C7E-B5EF-4EA3D3E3B683}"
EndProject
Project("{9A19103F-16F7-4668-BE54-9A1E7A4F7556}") = "T02_Numbers_N", "T02_Numbers_N\T02_Numbers_N.csproj", "{4E71496A-C7E5-42A4-87DB-5DF8DC9B4A0C}"
EndProject
Project("{9A19103F-16F7-4668-BE54-9A1E7A4F7556}") = "T03_Numbers 1_N_With_Step_3", "T03_Numbers 1_N_With_Step_3\T03_Numbers 1_N_With_Step_3.csproj", "{D29D3F4B-A7CD-4407-954C-852DEE621DC7}"
EndProject
Project("{9A19103F-16F7-4668-BE54-9A1E7A4F7556}") = "T04_Even_Powers_of_2", "T04_Even_Powers_of_2\T04_Even_Powers_of_2.csproj", "{7F93DB86-CC60-4118-9991-DFB52289D798}"
EndProject
Project("{9A19103F-16F7-4668-BE54-9A1E7A4F7556}") = "T05_Character_Sequence", "T05_Character_Sequence\T05_Character_Sequence.csproj", "{F7E2FA73-C3B0-4194-A286-0A7A14580CD2}"
EndProject
Project("{9A19103F-16F7-4668-BE54-9A1E7A4F7556}") = "T06_Vowels_Sum", "T06_Vowels_Sum\T06_Vowels_Sum.csproj", "{C3AE0850-7CA7-4E2C-8E65-9FFAE657A0EB}"
EndProject
Project("{9A19103F-16F7-4668-BE54-9A1E7A4F7556}") = "T07_Sum_Numbers", "T07_Sum_Numbers\T07_Sum_Numbers.csproj", "{E02F7DB8-C074-4FE9-86B9-0D90A748D436}"
EndProject
Project("{9A19103F-16F7-4668-BE54-9A1E7A4F7556}") = "T08_Number_sequence", "T08_Number_sequence\T08_Number_sequence.csproj", "{99B14D74-9907-48A3-8DFB-FE73D10C8BF2}"
EndProject
Project("{9A19103F-16F7-4668-BE54-9A1E7A4F7556}") = "T09_Left_Right_Sum", "T09_Left_Right_Sum\T09_Left_Right_Sum.csproj", "{5FA15F62-C9D6-4442-B757-53F1D2F2E49A}"
EndProject
Project("{9A19103F-16F7-4668-BE54-9A1E7A4F7556}") = "T10_Odd_Even_Sum", "T10_Odd_Even_Sum\T10_Odd_Even_Sum.csproj", "{DFD37741-0A8D-404E-BFA8-29289B07892B}"
EndProject
Project("{9A19103F-16F7-4668-BE54-9A1E7A4F7556}") = "T03_Histogram", "T03_Histogram\T03_Histogram.csproj", "{556E113F-C366-4394-B266-CBCD0216FF5A}"
EndProject
Project("{9A19103F-16F7-4668-BE54-9A1E7A4F7556}") = "T01. Numbers Ending in 7", "T01. Numbers Ending in 7\T01. Numbers Ending in 7.csproj", "{A97CAE2F-F371-4E20-92C9-ED767E4BE932}"
EndProject
Project("{9A19103F-16F7-4668-BE54-9A1E7A4F7556}") = "T02. Half Sum Element", "T02. Half Sum Element\T02. Half Sum Element.csproj", "{372AC4D1-EA3D-48BE-A8CC-56A109262670}"
EndProject
Project("{9A19103F-16F7-4668-BE54-9A1E7A4F7556}") = "T04. Clever Lily", "T04. Clever Lily\T04. Clever Lily.csproj", "{28B0B8C3-29CB-4137-9A2E-05990D9C4553}"
EndProject
Project("{9A19103F-16F7-4668-BE54-9A1E7A4F7556}") = "ConsoleApp1", "ConsoleApp1\ConsoleApp1.csproj", "{A7546231-BC68-49C2-B081-2AD506CFB7C8}"
EndProject
Project("{9A19103F-16F7-4668-BE54-9A1E7A4F7556}") = "T06 Oscars", "T06 Oscars\T06 Oscars.csproj", "{D454A823-11FA-4EBD-85F6-D456FD4197B3}"
EndProject
Project("{9A19103F-16F7-4668-BE54-9A1E7A4F7556}") = "T07. Trekking Mania", "T07. Trekking Mania\T07. Trekking Mania.csproj", "{41E5804B-D84D-4540-9570-0F4E44B2A005}"
EndProject
Project("{9A19103F-16F7-4668-BE54-9A1E7A4F7556}") = "T08. Tennis Ranklist", "T08. Tennis Ranklist\T08. Tennis Ranklist.csproj", "{2C4E62B5-ECFC-4346-8736-81B28CBD633F}"
EndProject
Project("{9A19103F-16F7-4668-BE54-9A1E7A4F7556}") = "T03_Combinations", "T03_Combinations\T03_Combinations.csproj", "{6AAB4FF1-156B-4AEB-B37E-1822060A3625}"
EndProject
Project("{9A19103F-16F7-4668-BE54-9A1E7A4F7556}") = "T04. Sum of Two Numbers", "T04. Sum of Two Numbers\T04. Sum of Two Numbers.csproj", "{938422E5-35C8-42BD-8A49-E00062128078}"
EndProject
Project("{9A19103F-16F7-4668-BE54-9A1E7A4F7556}") = "T05_Traveling", "T05_Traveling\T05_Traveling.csproj", "{B7FF1BB2-A19D-4FC3-A502-16F309E7FBAC}"
EndProject
Project("{9A19103F-16F7-4668-BE54-9A1E7A4F7556}") = "T06_Building", "T06_Building\T06_Building.csproj", "{AB32E284-28FB-4640-AE79-606E4A564BF3}"
EndProject
Project("{2150E333-8FDC-42A3-9474-1A3956D46DE8}") = "ConditionalStatemants", "ConditionalStatemants", "{A4F72387-C7BE-4B85-B1D5-C20783F8356B}"
EndProject
Project("{9A19103F-16F7-4668-BE54-9A1E7A4F7556}") = "T03. Time + 15 Minutes", "T03. Time + 15 Minutes\T03. Time + 15 Minutes.csproj", "{2D8EE0AD-4E2F-48B6-BD84-650C7AA64C7F}"
EndProject
Project("{9A19103F-16F7-4668-BE54-9A1E7A4F7556}") = "T04. Toy Shop", "T04. Toy Shop\T04. Toy Shop.csproj", "{DB7EE31B-4227-4C88-B039-A003C2857ABD}"
EndProject
Project("{9A19103F-16F7-4668-BE54-9A1E7A4F7556}") = "T05. Godzilla vs. Kong", "T05. Godzilla vs. Kong\T05. Godzilla vs. Kong.csproj", "{3AE6311A-94FA-4A01-A627-A6C406DCE6B9}"
EndProject
Project("{9A19103F-16F7-4668-BE54-9A1E7A4F7556}") = "T07. Shopping", "T07. Shopping\T07. Shopping.csproj", "{A42F4F62-0EA0-4BBC-92D5-F670D9F3EFFC}"
EndProject
Project("{9A19103F-16F7-4668-BE54-9A1E7A4F7556}") = "T01. Number Pyramid", "T01. Number Pyramid\T01. Number Pyramid.csproj", "{876DD30E-BEA0-4023-BDC3-C46DEC6607EE}"
EndProject
Project("{9A19103F-16F7-4668-BE54-9A1E7A4F7556}") = "T01. Mining Rig", "T01. Mining Rig\T01. Mining Rig.csproj", "{6C62E2B5-6051-4318-8E8D-FF577105185D}"
EndProject
Project("{9A19103F-16F7-4668-BE54-9A1E7A4F7556}") = "T02. Beer And Chips", "T02. Beer And Chips\T02. Beer And Chips.csproj", "{4167EA06-7012-4866-B9B0-B6FCC2AB8574}"
EndProject
Project("{9A19103F-16F7-4668-BE54-9A1E7A4F7556}") = "T03_ComputerRoom", "T03_ComputerRoom\T03_ComputerRoom.csproj", "{99BB37D5-C286-4A29-93C6-5B444E8A6F70}"
EndProject
Project("{9A19103F-16F7-4668-BE54-9A1E7A4F7556}") = "T04. Cat Food", "T04. Cat Food\T04. Cat Food.csproj", "{B16762F1-3DDF-440F-8745-43A1E5AF0446}"
EndProject
Project("{9A19103F-16F7-4668-BE54-9A1E7A4F7556}") = "T05. Christmas Gifts", "T05. Christmas Gifts\T05. Christmas Gifts.csproj", "{D8231453-FD45-4FAB-8F5F-7FF4C8BA2233}"
EndProject
Project("{9A19103F-16F7-4668-BE54-9A1E7A4F7556}") = "T06. Gold Mine", "T06. Gold Mine\T06. Gold Mine.csproj", "{41468D8A-621A-4A89-B43A-483FFC724652}"
EndProject
Project("{9A19103F-16F7-4668-BE54-9A1E7A4F7556}") = "StarsFromTriangle", "StarsFromTriangle\StarsFromTriangle.csproj", "{17D5B71D-CB92-4E25-A928-BCD83D8786A9}"
EndProject
Project("{2150E333-8FDC-42A3-9474-1A3956D46DE8}") = "Exam September Basic", "Exam September Basic", "{D510AC75-652C-4684-9AE9-9BC85EE365DC}"
EndProject
Project("{9A19103F-16F7-4668-BE54-9A1E7A4F7556}") = "ShopingCar", "ShopingCar\ShopingCar.csproj", "{EEA571AA-9522-4634-95A6-C6FAD0C31FB2}"
EndProject
Project("{9A19103F-16F7-4668-BE54-9A1E7A4F7556}") = "SquareFromStars", "SquareFromStars\SquareFromStars.csproj", "{5F4C382A-7B6E-47B7-A815-92C5B5CC26C2}"
EndProject
Project("{2150E333-8FDC-42A3-9474-1A3956D46DE8}") = "Programing Basic", "Programing Basic", "{2D27C080-EDCB-4CB2-91B3-D1386CB4BDF8}"
EndProject
Project("{2150E333-8FDC-42A3-9474-1A3956D46DE8}") = "School", "School", "{1B920164-7D44-4027-9105-77E79D88F596}"
EndProject
Project("{2150E333-8FDC-42A3-9474-1A3956D46DE8}") = "Programing Fundamentals", "Programing Fundamentals", "{544461CD-823B-4847-9213-EC40D56E819B}"
EndProject
Project("{9A19103F-16F7-4668-BE54-9A1E7A4F7556}") = "P01-Student Information", "P01-Student Information\P01-Student Information.csproj", "{ED544C7D-026C-42CF-BA7F-763D4CE176E0}"
EndProject
Project("{9A19103F-16F7-4668-BE54-9A1E7A4F7556}") = "Passed", "Passed\Passed.csproj", "{C513C600-7C0D-4E3F-9A98-33AAB4CFF35F}"
EndProject
Project("{2150E333-8FDC-42A3-9474-1A3956D46DE8}") = "Basic Syntax, Conditional Statements and Loops", "Basic Syntax, Conditional Statements and Loops", "{C39C72F6-6767-4AD5-B2D7-9014AFD4DC85}"
EndProject
Project("{9A19103F-16F7-4668-BE54-9A1E7A4F7556}") = "P04_Back_In_30 Minutes", "P04_Back_In_30 Minutes\P04_Back_In_30 Minutes.csproj", "{9186D772-B20E-4330-962B-D01767C4FEE4}"
EndProject
Project("{9A19103F-16F7-4668-BE54-9A1E7A4F7556}") = "P05_Month_Printer", "P05_Month_Printer\P05_Month_Printer.csproj", "{D8391D1A-E594-4290-9F73-83582568EA9D}"
EndProject
Project("{9A19103F-16F7-4668-BE54-9A1E7A4F7556}") = "Zero", "Zero\Zero.csproj", "{A22D8184-4CA3-45B1-92CE-A37A799FD12D}"
EndProject
Project("{9A19103F-16F7-4668-BE54-9A1E7A4F7556}") = "P06_Foreign_Languages", "P06_Foreign_Languages\P06_Foreign_Languages.csproj", "{BA5DBE54-CAC7-4A10-AD23-43BC7E96AC85}"
EndProject
Project("{9A19103F-16F7-4668-BE54-9A1E7A4F7556}") = "P07_Theatre_Promotions", "P07_Theatre_Promotions\P07_Theatre_Promotions.csproj", "{1B42E8F4-E17D-4878-B20A-FC6FA466FFC5}"
EndProject
Project("{9A19103F-16F7-4668-BE54-9A1E7A4F7556}") = "P08_Divisible_By_3", "P08_Divisible_By_3\P08_Divisible_By_3.csproj", "{E22178D4-493F-4FF3-8747-CA0222C219D2}"
EndProject
Project("{9A19103F-16F7-4668-BE54-9A1E7A4F7556}") = "P10_Multiplication_Table", "P10_Multiplication_Table\P10_Multiplication_Table.csproj", "{E9927A66-0D52-4DBE-8C20-7F15CE31709E}"
EndProject
Project("{9A19103F-16F7-4668-BE54-9A1E7A4F7556}") = "P11_Multiplication_Table_2.0", "P11_Multiplication_Table_2.0\P11_Multiplication_Table_2.0.csproj", "{931D65F3-A147-4F18-BAC5-14EF424F2EF8}"
EndProject
Project("{9A19103F-16F7-4668-BE54-9A1E7A4F7556}") = "P12_Even_Number", "P12_Even_Number\P12_Even_Number.csproj", "{5FA6EF8C-A955-49A4-9CF9-76EB734B5277}"
EndProject
Project("{9A19103F-16F7-4668-BE54-9A1E7A4F7556}") = "P09_Sum_of_Odd_Numbers", "P09_Sum_of_Odd_Numbers\P09_Sum_of_Odd_Numbers.csproj", "{3D958318-D10E-4D12-A5D1-CE4F451DDF7F}"
EndProject
Project("{9A19103F-16F7-4668-BE54-9A1E7A4F7556}") = "P13_Debug_the_Code_Holidays_Between_Two_Dates", "P13_Debug_the_Code_Holidays_Between_Two_Dates\P13_Debug_the_Code_Holidays_Between_Two_Dates.csproj", "{8340DEF9-034B-4DC2-83A4-BC6D7EEF66C1}"
EndProject
Project("{2150E333-8FDC-42A3-9474-1A3956D46DE8}") = "Basic Syntax, Conditional Statements and Loops - Exercise", "Basic Syntax, Conditional Statements and Loops - Exercise", "{966D880F-8AF1-43BF-850D-503352C05A5D}"
EndProject
Project("{9A19103F-16F7-4668-BE54-9A1E7A4F7556}") = "P01_Ages", "P01_Ages\P01_Ages.csproj", "{9D1DC831-E924-437E-8DD5-979082451A9F}"
EndProject
Project("{9A19103F-16F7-4668-BE54-9A1E7A4F7556}") = "P03_Vacation", "P03_Vacation\P03_Vacation.csproj", "{052FF467-1499-4C72-8CEB-4ADC9134C32B}"
EndProject
Project("{9A19103F-16F7-4668-BE54-9A1E7A4F7556}") = "P02-Divison", "P02-Divison\P02-Divison.csproj", "{EDF0E895-089E-4F14-B30E-39D973B1FC7B}"
EndProject
Project("{9A19103F-16F7-4668-BE54-9A1E7A4F7556}") = "P04_Print_and_Sum", "P04_Print_and_Sum\P04_Print_and_Sum.csproj", "{443F833A-2830-4C50-8CDD-5C302D23AC0E}"
EndProject
Project("{9A19103F-16F7-4668-BE54-9A1E7A4F7556}") = "P05_Login", "P05_Login\P05_Login.csproj", "{89180662-1226-4025-8D70-D4D9450058C5}"
EndProject
Project("{9A19103F-16F7-4668-BE54-9A1E7A4F7556}") = "P06_Strong_Number", "P06_Strong_Number\P06_Strong_Number.csproj", "{6C82F654-3270-41B6-A9E4-67EC1C129CBA}"
EndProject
Project("{9A19103F-16F7-4668-BE54-9A1E7A4F7556}") = "P09_Padawan_Equipment", "P09_Padawan_Equipment\P09_Padawan_Equipment.csproj", "{C72283E9-AE01-4E5A-8A60-BACAD806CFFA}"
EndProject
Project("{9A19103F-16F7-4668-BE54-9A1E7A4F7556}") = "P10_Rage_Expenses", "P10_Rage_Expenses\P10_Rage_Expenses.csproj", "{A7375AF1-C1BA-4D4B-9814-A7815DEAF275}"
EndProject
Project("{9A19103F-16F7-4668-BE54-9A1E7A4F7556}") = "P07_Vending_Machine", "P07_Vending_Machine\P07_Vending_Machine.csproj", "{20D12D33-ABBB-482B-B57D-25AF455CFFD3}"
EndProject
Project("{2150E333-8FDC-42A3-9474-1A3956D46DE8}") = "Arrays", "Arrays", "{3631081F-365C-4F45-8890-94BE8F011FC7}"
EndProject
Project("{9A19103F-16F7-4668-BE54-9A1E7A4F7556}") = "P01_Day_of_Week", "P01_Day_of_Week\P01_Day_of_Week.csproj", "{137E6687-63F9-4720-B958-A53206FDEF99}"
EndProject
Project("{9A19103F-16F7-4668-BE54-9A1E7A4F7556}") = "00-Demo", "P02_Exercise\00-Demo.csproj", "{52A1D683-9335-4BB7-9C72-7779D5A2D8B4}"
EndProject
Project("{9A19103F-16F7-4668-BE54-9A1E7A4F7556}") = "P10_Ladybugs", "P03_Ladybugs\P10_Ladybugs.csproj", "{669A1586-E38C-46EE-9876-0DD689B36CDA}"
EndProject
Project("{9A19103F-16F7-4668-BE54-9A1E7A4F7556}") = "P04_Encrypt_Sort_And_Print_Array", "P04_Encrypt_Sort_And_Print_Array\P04_Encrypt_Sort_And_Print_Array.csproj", "{3D6B28D2-3224-46EA-AEEC-72576A082BF4}"
EndProject
Project("{9A19103F-16F7-4668-BE54-9A1E7A4F7556}") = "P01_Train", "P01_Train\P01_Train.csproj", "{CB6A4E51-32C8-4F36-B71D-B110B9298B90}"
EndProject
Project("{2150E333-8FDC-42A3-9474-1A3956D46DE8}") = "Arrays-Exercise", "Arrays-Exercise", "{0EC1C421-6083-4F9B-B5B9-EB7DA3E5C3AA}"
EndProject
Project("{9A19103F-16F7-4668-BE54-9A1E7A4F7556}") = "P02_Common_Elements", "P02_Common_Elements\P02_Common_Elements.csproj", "{D1A33552-632B-446D-A93D-8EC499FE8862}"
EndProject
Project("{9A19103F-16F7-4668-BE54-9A1E7A4F7556}") = "P03_Zig-Zag_Arrays", "P03_Zig-Zag_Arrays\P03_Zig-Zag_Arrays.csproj", "{8E1793C3-520C-428B-8778-EB69C5075F8A}"
EndProject
Project("{9A19103F-16F7-4668-BE54-9A1E7A4F7556}") = "P04_Array_Rotation", "P04_Array_Rotation\P04_Array_Rotation.csproj", "{FAA34F52-4EB2-4FB8-A642-DFA6085A0EF9}"
EndProject
Project("{9A19103F-16F7-4668-BE54-9A1E7A4F7556}") = "P05_Top_Integers", "P05_Top_Integers\P05_Top_Integers.csproj", "{E21B40EB-AE3A-46C5-AD8C-3049D73F4945}"
EndProject
Project("{9A19103F-16F7-4668-BE54-9A1E7A4F7556}") = "P06_Equal_Sums", "P06_Equal_Sums\P06_Equal_Sums.csproj", "{A27297BF-F432-4E4B-A680-E9E2F98B6BE1}"
EndProject
Project("{9A19103F-16F7-4668-BE54-9A1E7A4F7556}") = "P07_Max_Sequence_of_Equal_Elements", "P07_Max_Sequence_of_Equal_Elements\P07_Max_Sequence_of_Equal_Elements.csproj", "{99268E31-0C6F-499F-9BE0-BBF70B694AA6}"
EndProject
Project("{9A19103F-16F7-4668-BE54-9A1E7A4F7556}") = "P08_Magic_Sum", "P08_Magic_Sum\P08_Magic_Sum.csproj", "{9C6D4152-6971-4C40-8111-C519E17643CF}"
EndProject
Project("{9A19103F-16F7-4668-BE54-9A1E7A4F7556}") = "P09_Kamino_Factory", "P09_Kamino_Factory\P09_Kamino_Factory.csproj", "{3D2D9148-7CC7-41B0-A0E1-BB707AF1AEC5}"
EndProject
Project("{2150E333-8FDC-42A3-9474-1A3956D46DE8}") = "WindowsForm", "WindowsForm", "{0796B068-E5DB-4327-9E1A-4FEA0327724D}"
EndProject
Project("{FAE04EC0-301F-11D3-BF4B-00C04F79EFBC}") = "P01_Figures", "P01_Figures\P01_Figures.csproj", "{F557DF5F-6334-46B9-B55E-75D129BE68D8}"
EndProject
Global
	GlobalSection(SolutionConfigurationPlatforms) = preSolution
		Debug|Any CPU = Debug|Any CPU
		Release|Any CPU = Release|Any CPU
	EndGlobalSection
	GlobalSection(ProjectConfigurationPlatforms) = postSolution
		{DF80BA54-DF20-416B-90B1-BF2146AB872F}.Debug|Any CPU.ActiveCfg = Debug|Any CPU
		{DF80BA54-DF20-416B-90B1-BF2146AB872F}.Debug|Any CPU.Build.0 = Debug|Any CPU
		{DF80BA54-DF20-416B-90B1-BF2146AB872F}.Release|Any CPU.ActiveCfg = Release|Any CPU
		{DF80BA54-DF20-416B-90B1-BF2146AB872F}.Release|Any CPU.Build.0 = Release|Any CPU
		{317D559E-967B-44FF-8859-602A52FCE437}.Debug|Any CPU.ActiveCfg = Debug|Any CPU
		{317D559E-967B-44FF-8859-602A52FCE437}.Debug|Any CPU.Build.0 = Debug|Any CPU
		{317D559E-967B-44FF-8859-602A52FCE437}.Release|Any CPU.ActiveCfg = Release|Any CPU
		{317D559E-967B-44FF-8859-602A52FCE437}.Release|Any CPU.Build.0 = Release|Any CPU
		{7329F30B-B1B0-44FB-A733-EB8116D8D2F3}.Debug|Any CPU.ActiveCfg = Debug|Any CPU
		{7329F30B-B1B0-44FB-A733-EB8116D8D2F3}.Debug|Any CPU.Build.0 = Debug|Any CPU
		{7329F30B-B1B0-44FB-A733-EB8116D8D2F3}.Release|Any CPU.ActiveCfg = Release|Any CPU
		{7329F30B-B1B0-44FB-A733-EB8116D8D2F3}.Release|Any CPU.Build.0 = Release|Any CPU
		{D2685840-D72C-4292-888C-0A9CF3BDBD3D}.Debug|Any CPU.ActiveCfg = Debug|Any CPU
		{D2685840-D72C-4292-888C-0A9CF3BDBD3D}.Debug|Any CPU.Build.0 = Debug|Any CPU
		{D2685840-D72C-4292-888C-0A9CF3BDBD3D}.Release|Any CPU.ActiveCfg = Release|Any CPU
		{D2685840-D72C-4292-888C-0A9CF3BDBD3D}.Release|Any CPU.Build.0 = Release|Any CPU
		{A7F491C4-C576-46AB-A9DE-92347BA0A176}.Debug|Any CPU.ActiveCfg = Debug|Any CPU
		{A7F491C4-C576-46AB-A9DE-92347BA0A176}.Debug|Any CPU.Build.0 = Debug|Any CPU
		{A7F491C4-C576-46AB-A9DE-92347BA0A176}.Release|Any CPU.ActiveCfg = Release|Any CPU
		{A7F491C4-C576-46AB-A9DE-92347BA0A176}.Release|Any CPU.Build.0 = Release|Any CPU
		{1A6CC1B9-F7E5-4F20-AA0F-ECADAFC04BF2}.Debug|Any CPU.ActiveCfg = Debug|Any CPU
		{1A6CC1B9-F7E5-4F20-AA0F-ECADAFC04BF2}.Debug|Any CPU.Build.0 = Debug|Any CPU
		{1A6CC1B9-F7E5-4F20-AA0F-ECADAFC04BF2}.Release|Any CPU.ActiveCfg = Release|Any CPU
		{1A6CC1B9-F7E5-4F20-AA0F-ECADAFC04BF2}.Release|Any CPU.Build.0 = Release|Any CPU
		{E43AFF6F-BA3E-495E-A96D-22D3D32F7EA5}.Debug|Any CPU.ActiveCfg = Debug|Any CPU
		{E43AFF6F-BA3E-495E-A96D-22D3D32F7EA5}.Debug|Any CPU.Build.0 = Debug|Any CPU
		{E43AFF6F-BA3E-495E-A96D-22D3D32F7EA5}.Release|Any CPU.ActiveCfg = Release|Any CPU
		{E43AFF6F-BA3E-495E-A96D-22D3D32F7EA5}.Release|Any CPU.Build.0 = Release|Any CPU
		{A211ACD2-853C-4226-9572-BB70803A0692}.Debug|Any CPU.ActiveCfg = Debug|Any CPU
		{A211ACD2-853C-4226-9572-BB70803A0692}.Debug|Any CPU.Build.0 = Debug|Any CPU
		{A211ACD2-853C-4226-9572-BB70803A0692}.Release|Any CPU.ActiveCfg = Release|Any CPU
		{A211ACD2-853C-4226-9572-BB70803A0692}.Release|Any CPU.Build.0 = Release|Any CPU
		{EB32A165-690E-499C-9890-460F918F3555}.Debug|Any CPU.ActiveCfg = Debug|Any CPU
		{EB32A165-690E-499C-9890-460F918F3555}.Debug|Any CPU.Build.0 = Debug|Any CPU
		{EB32A165-690E-499C-9890-460F918F3555}.Release|Any CPU.ActiveCfg = Release|Any CPU
		{EB32A165-690E-499C-9890-460F918F3555}.Release|Any CPU.Build.0 = Release|Any CPU
		{85D6BE3F-1ED3-4318-8AB1-B0DADD63414D}.Debug|Any CPU.ActiveCfg = Debug|Any CPU
		{85D6BE3F-1ED3-4318-8AB1-B0DADD63414D}.Debug|Any CPU.Build.0 = Debug|Any CPU
		{85D6BE3F-1ED3-4318-8AB1-B0DADD63414D}.Release|Any CPU.ActiveCfg = Release|Any CPU
		{85D6BE3F-1ED3-4318-8AB1-B0DADD63414D}.Release|Any CPU.Build.0 = Release|Any CPU
		{B6F79A99-1FD9-45B3-BCC6-6F2DF522A4FF}.Debug|Any CPU.ActiveCfg = Debug|Any CPU
		{B6F79A99-1FD9-45B3-BCC6-6F2DF522A4FF}.Debug|Any CPU.Build.0 = Debug|Any CPU
		{B6F79A99-1FD9-45B3-BCC6-6F2DF522A4FF}.Release|Any CPU.ActiveCfg = Release|Any CPU
		{B6F79A99-1FD9-45B3-BCC6-6F2DF522A4FF}.Release|Any CPU.Build.0 = Release|Any CPU
		{262F2BE4-4AD2-4AB8-8B99-B48A18DBFCC4}.Debug|Any CPU.ActiveCfg = Debug|Any CPU
		{262F2BE4-4AD2-4AB8-8B99-B48A18DBFCC4}.Debug|Any CPU.Build.0 = Debug|Any CPU
		{262F2BE4-4AD2-4AB8-8B99-B48A18DBFCC4}.Release|Any CPU.ActiveCfg = Release|Any CPU
		{262F2BE4-4AD2-4AB8-8B99-B48A18DBFCC4}.Release|Any CPU.Build.0 = Release|Any CPU
		{28F40104-475F-484C-B22B-021FD0A9574C}.Debug|Any CPU.ActiveCfg = Debug|Any CPU
		{28F40104-475F-484C-B22B-021FD0A9574C}.Debug|Any CPU.Build.0 = Debug|Any CPU
		{28F40104-475F-484C-B22B-021FD0A9574C}.Release|Any CPU.ActiveCfg = Release|Any CPU
		{28F40104-475F-484C-B22B-021FD0A9574C}.Release|Any CPU.Build.0 = Release|Any CPU
		{38B7AA07-DBA2-4EB6-B414-D135B2EE3193}.Debug|Any CPU.ActiveCfg = Debug|Any CPU
		{38B7AA07-DBA2-4EB6-B414-D135B2EE3193}.Debug|Any CPU.Build.0 = Debug|Any CPU
		{38B7AA07-DBA2-4EB6-B414-D135B2EE3193}.Release|Any CPU.ActiveCfg = Release|Any CPU
		{38B7AA07-DBA2-4EB6-B414-D135B2EE3193}.Release|Any CPU.Build.0 = Release|Any CPU
		{FFAB02F8-9D20-457C-B2AD-A9703D9948CE}.Debug|Any CPU.ActiveCfg = Debug|Any CPU
		{FFAB02F8-9D20-457C-B2AD-A9703D9948CE}.Debug|Any CPU.Build.0 = Debug|Any CPU
		{FFAB02F8-9D20-457C-B2AD-A9703D9948CE}.Release|Any CPU.ActiveCfg = Release|Any CPU
		{FFAB02F8-9D20-457C-B2AD-A9703D9948CE}.Release|Any CPU.Build.0 = Release|Any CPU
		{C2D65B4C-3030-45CF-B9A7-B5A70EE41C6B}.Debug|Any CPU.ActiveCfg = Debug|Any CPU
		{C2D65B4C-3030-45CF-B9A7-B5A70EE41C6B}.Debug|Any CPU.Build.0 = Debug|Any CPU
		{C2D65B4C-3030-45CF-B9A7-B5A70EE41C6B}.Release|Any CPU.ActiveCfg = Release|Any CPU
		{C2D65B4C-3030-45CF-B9A7-B5A70EE41C6B}.Release|Any CPU.Build.0 = Release|Any CPU
		{052F1464-273B-46CE-999E-8D5FE9FB1218}.Debug|Any CPU.ActiveCfg = Debug|Any CPU
		{052F1464-273B-46CE-999E-8D5FE9FB1218}.Debug|Any CPU.Build.0 = Debug|Any CPU
		{052F1464-273B-46CE-999E-8D5FE9FB1218}.Release|Any CPU.ActiveCfg = Release|Any CPU
		{052F1464-273B-46CE-999E-8D5FE9FB1218}.Release|Any CPU.Build.0 = Release|Any CPU
		{35D56EE6-2E0F-4920-BF86-EB6DDEE48E3B}.Debug|Any CPU.ActiveCfg = Debug|Any CPU
		{35D56EE6-2E0F-4920-BF86-EB6DDEE48E3B}.Debug|Any CPU.Build.0 = Debug|Any CPU
		{35D56EE6-2E0F-4920-BF86-EB6DDEE48E3B}.Release|Any CPU.ActiveCfg = Release|Any CPU
		{35D56EE6-2E0F-4920-BF86-EB6DDEE48E3B}.Release|Any CPU.Build.0 = Release|Any CPU
		{E38CE965-6DBF-48DF-A022-9844BCA00D5B}.Debug|Any CPU.ActiveCfg = Debug|Any CPU
		{E38CE965-6DBF-48DF-A022-9844BCA00D5B}.Debug|Any CPU.Build.0 = Debug|Any CPU
		{E38CE965-6DBF-48DF-A022-9844BCA00D5B}.Release|Any CPU.ActiveCfg = Release|Any CPU
		{E38CE965-6DBF-48DF-A022-9844BCA00D5B}.Release|Any CPU.Build.0 = Release|Any CPU
		{44103037-9F49-40E9-BF71-E7A41E29CF6E}.Debug|Any CPU.ActiveCfg = Debug|Any CPU
		{44103037-9F49-40E9-BF71-E7A41E29CF6E}.Debug|Any CPU.Build.0 = Debug|Any CPU
		{44103037-9F49-40E9-BF71-E7A41E29CF6E}.Release|Any CPU.ActiveCfg = Release|Any CPU
		{44103037-9F49-40E9-BF71-E7A41E29CF6E}.Release|Any CPU.Build.0 = Release|Any CPU
		{D13BE8E3-2ED6-4C40-9B90-D92732453D80}.Debug|Any CPU.ActiveCfg = Debug|Any CPU
		{D13BE8E3-2ED6-4C40-9B90-D92732453D80}.Debug|Any CPU.Build.0 = Debug|Any CPU
		{D13BE8E3-2ED6-4C40-9B90-D92732453D80}.Release|Any CPU.ActiveCfg = Release|Any CPU
		{D13BE8E3-2ED6-4C40-9B90-D92732453D80}.Release|Any CPU.Build.0 = Release|Any CPU
		{C69E7FC6-85F5-4BAA-B947-BCC5BEF847C7}.Debug|Any CPU.ActiveCfg = Debug|Any CPU
		{C69E7FC6-85F5-4BAA-B947-BCC5BEF847C7}.Debug|Any CPU.Build.0 = Debug|Any CPU
		{C69E7FC6-85F5-4BAA-B947-BCC5BEF847C7}.Release|Any CPU.ActiveCfg = Release|Any CPU
		{C69E7FC6-85F5-4BAA-B947-BCC5BEF847C7}.Release|Any CPU.Build.0 = Release|Any CPU
		{7A60CA4D-F459-4039-A726-5EAE78E7C2E7}.Debug|Any CPU.ActiveCfg = Debug|Any CPU
		{7A60CA4D-F459-4039-A726-5EAE78E7C2E7}.Debug|Any CPU.Build.0 = Debug|Any CPU
		{7A60CA4D-F459-4039-A726-5EAE78E7C2E7}.Release|Any CPU.ActiveCfg = Release|Any CPU
		{7A60CA4D-F459-4039-A726-5EAE78E7C2E7}.Release|Any CPU.Build.0 = Release|Any CPU
		{C4D48B7A-E2CE-4F8B-A2DC-329377DB984C}.Debug|Any CPU.ActiveCfg = Debug|Any CPU
		{C4D48B7A-E2CE-4F8B-A2DC-329377DB984C}.Debug|Any CPU.Build.0 = Debug|Any CPU
		{C4D48B7A-E2CE-4F8B-A2DC-329377DB984C}.Release|Any CPU.ActiveCfg = Release|Any CPU
		{C4D48B7A-E2CE-4F8B-A2DC-329377DB984C}.Release|Any CPU.Build.0 = Release|Any CPU
		{7D51BD5D-796A-402E-BFD5-84C1C86D416F}.Debug|Any CPU.ActiveCfg = Debug|Any CPU
		{7D51BD5D-796A-402E-BFD5-84C1C86D416F}.Debug|Any CPU.Build.0 = Debug|Any CPU
		{7D51BD5D-796A-402E-BFD5-84C1C86D416F}.Release|Any CPU.ActiveCfg = Release|Any CPU
		{7D51BD5D-796A-402E-BFD5-84C1C86D416F}.Release|Any CPU.Build.0 = Release|Any CPU
		{5DDF786C-D4B0-4A1F-8716-4184BA716DC1}.Debug|Any CPU.ActiveCfg = Debug|Any CPU
		{5DDF786C-D4B0-4A1F-8716-4184BA716DC1}.Debug|Any CPU.Build.0 = Debug|Any CPU
		{5DDF786C-D4B0-4A1F-8716-4184BA716DC1}.Release|Any CPU.ActiveCfg = Release|Any CPU
		{5DDF786C-D4B0-4A1F-8716-4184BA716DC1}.Release|Any CPU.Build.0 = Release|Any CPU
		{A2E17C78-996D-41D5-813C-125879AA6080}.Debug|Any CPU.ActiveCfg = Debug|Any CPU
		{A2E17C78-996D-41D5-813C-125879AA6080}.Debug|Any CPU.Build.0 = Debug|Any CPU
		{A2E17C78-996D-41D5-813C-125879AA6080}.Release|Any CPU.ActiveCfg = Release|Any CPU
		{A2E17C78-996D-41D5-813C-125879AA6080}.Release|Any CPU.Build.0 = Release|Any CPU
		{BBDB5B08-DE83-40C1-971D-00D05891A254}.Debug|Any CPU.ActiveCfg = Debug|Any CPU
		{BBDB5B08-DE83-40C1-971D-00D05891A254}.Debug|Any CPU.Build.0 = Debug|Any CPU
		{BBDB5B08-DE83-40C1-971D-00D05891A254}.Release|Any CPU.ActiveCfg = Release|Any CPU
		{BBDB5B08-DE83-40C1-971D-00D05891A254}.Release|Any CPU.Build.0 = Release|Any CPU
		{763BED5A-8BF6-42A5-B8D0-E1E5BBF11C40}.Debug|Any CPU.ActiveCfg = Debug|Any CPU
		{763BED5A-8BF6-42A5-B8D0-E1E5BBF11C40}.Debug|Any CPU.Build.0 = Debug|Any CPU
		{763BED5A-8BF6-42A5-B8D0-E1E5BBF11C40}.Release|Any CPU.ActiveCfg = Release|Any CPU
		{763BED5A-8BF6-42A5-B8D0-E1E5BBF11C40}.Release|Any CPU.Build.0 = Release|Any CPU
		{C845C0E3-4079-4746-9B03-399FCC0DA511}.Debug|Any CPU.ActiveCfg = Debug|Any CPU
		{C845C0E3-4079-4746-9B03-399FCC0DA511}.Debug|Any CPU.Build.0 = Debug|Any CPU
		{C845C0E3-4079-4746-9B03-399FCC0DA511}.Release|Any CPU.ActiveCfg = Release|Any CPU
		{C845C0E3-4079-4746-9B03-399FCC0DA511}.Release|Any CPU.Build.0 = Release|Any CPU
		{32F1ACB7-0410-4502-ABB7-95B4168B623E}.Debug|Any CPU.ActiveCfg = Debug|Any CPU
		{32F1ACB7-0410-4502-ABB7-95B4168B623E}.Debug|Any CPU.Build.0 = Debug|Any CPU
		{32F1ACB7-0410-4502-ABB7-95B4168B623E}.Release|Any CPU.ActiveCfg = Release|Any CPU
		{32F1ACB7-0410-4502-ABB7-95B4168B623E}.Release|Any CPU.Build.0 = Release|Any CPU
		{ADD02152-B75A-4758-8CE7-EBE5A276987A}.Debug|Any CPU.ActiveCfg = Debug|Any CPU
		{ADD02152-B75A-4758-8CE7-EBE5A276987A}.Debug|Any CPU.Build.0 = Debug|Any CPU
		{ADD02152-B75A-4758-8CE7-EBE5A276987A}.Release|Any CPU.ActiveCfg = Release|Any CPU
		{ADD02152-B75A-4758-8CE7-EBE5A276987A}.Release|Any CPU.Build.0 = Release|Any CPU
		{FE22F567-1172-46D8-926B-E6B610EF5E50}.Debug|Any CPU.ActiveCfg = Debug|Any CPU
		{FE22F567-1172-46D8-926B-E6B610EF5E50}.Debug|Any CPU.Build.0 = Debug|Any CPU
		{FE22F567-1172-46D8-926B-E6B610EF5E50}.Release|Any CPU.ActiveCfg = Release|Any CPU
		{FE22F567-1172-46D8-926B-E6B610EF5E50}.Release|Any CPU.Build.0 = Release|Any CPU
		{6D2ABBE8-04E7-4907-B64F-25CB0BD8599B}.Debug|Any CPU.ActiveCfg = Debug|Any CPU
		{6D2ABBE8-04E7-4907-B64F-25CB0BD8599B}.Debug|Any CPU.Build.0 = Debug|Any CPU
		{6D2ABBE8-04E7-4907-B64F-25CB0BD8599B}.Release|Any CPU.ActiveCfg = Release|Any CPU
		{6D2ABBE8-04E7-4907-B64F-25CB0BD8599B}.Release|Any CPU.Build.0 = Release|Any CPU
		{8F520A64-EB9D-4F16-AA96-AB167A76B96C}.Debug|Any CPU.ActiveCfg = Debug|Any CPU
		{8F520A64-EB9D-4F16-AA96-AB167A76B96C}.Debug|Any CPU.Build.0 = Debug|Any CPU
		{8F520A64-EB9D-4F16-AA96-AB167A76B96C}.Release|Any CPU.ActiveCfg = Release|Any CPU
		{8F520A64-EB9D-4F16-AA96-AB167A76B96C}.Release|Any CPU.Build.0 = Release|Any CPU
		{52EF200F-EFB3-45F0-9058-174426BBD8F1}.Debug|Any CPU.ActiveCfg = Debug|Any CPU
		{52EF200F-EFB3-45F0-9058-174426BBD8F1}.Debug|Any CPU.Build.0 = Debug|Any CPU
		{52EF200F-EFB3-45F0-9058-174426BBD8F1}.Release|Any CPU.ActiveCfg = Release|Any CPU
		{52EF200F-EFB3-45F0-9058-174426BBD8F1}.Release|Any CPU.Build.0 = Release|Any CPU
		{3CEA5A42-59D6-4CB0-AE3B-095376C535B3}.Debug|Any CPU.ActiveCfg = Debug|Any CPU
		{3CEA5A42-59D6-4CB0-AE3B-095376C535B3}.Debug|Any CPU.Build.0 = Debug|Any CPU
		{3CEA5A42-59D6-4CB0-AE3B-095376C535B3}.Release|Any CPU.ActiveCfg = Release|Any CPU
		{3CEA5A42-59D6-4CB0-AE3B-095376C535B3}.Release|Any CPU.Build.0 = Release|Any CPU
		{EB200FB2-F58E-41AA-9693-3533AA7821B7}.Debug|Any CPU.ActiveCfg = Debug|Any CPU
		{EB200FB2-F58E-41AA-9693-3533AA7821B7}.Debug|Any CPU.Build.0 = Debug|Any CPU
		{EB200FB2-F58E-41AA-9693-3533AA7821B7}.Release|Any CPU.ActiveCfg = Release|Any CPU
		{EB200FB2-F58E-41AA-9693-3533AA7821B7}.Release|Any CPU.Build.0 = Release|Any CPU
		{93172D44-1B30-4F30-A774-E4F75E7B8D3E}.Debug|Any CPU.ActiveCfg = Debug|Any CPU
		{93172D44-1B30-4F30-A774-E4F75E7B8D3E}.Debug|Any CPU.Build.0 = Debug|Any CPU
		{93172D44-1B30-4F30-A774-E4F75E7B8D3E}.Release|Any CPU.ActiveCfg = Release|Any CPU
		{93172D44-1B30-4F30-A774-E4F75E7B8D3E}.Release|Any CPU.Build.0 = Release|Any CPU
		{192EB9CF-5DCC-4445-8D2A-7489BBF1246A}.Debug|Any CPU.ActiveCfg = Debug|Any CPU
		{192EB9CF-5DCC-4445-8D2A-7489BBF1246A}.Debug|Any CPU.Build.0 = Debug|Any CPU
		{192EB9CF-5DCC-4445-8D2A-7489BBF1246A}.Release|Any CPU.ActiveCfg = Release|Any CPU
		{192EB9CF-5DCC-4445-8D2A-7489BBF1246A}.Release|Any CPU.Build.0 = Release|Any CPU
		{1C8FC6DE-69B2-4F6D-A83E-B9D81B3C2F1F}.Debug|Any CPU.ActiveCfg = Debug|Any CPU
		{1C8FC6DE-69B2-4F6D-A83E-B9D81B3C2F1F}.Debug|Any CPU.Build.0 = Debug|Any CPU
		{1C8FC6DE-69B2-4F6D-A83E-B9D81B3C2F1F}.Release|Any CPU.ActiveCfg = Release|Any CPU
		{1C8FC6DE-69B2-4F6D-A83E-B9D81B3C2F1F}.Release|Any CPU.Build.0 = Release|Any CPU
		{8763ED2C-3AE2-4F6E-9E43-0FE36C32516E}.Debug|Any CPU.ActiveCfg = Debug|Any CPU
		{8763ED2C-3AE2-4F6E-9E43-0FE36C32516E}.Debug|Any CPU.Build.0 = Debug|Any CPU
		{8763ED2C-3AE2-4F6E-9E43-0FE36C32516E}.Release|Any CPU.ActiveCfg = Release|Any CPU
		{8763ED2C-3AE2-4F6E-9E43-0FE36C32516E}.Release|Any CPU.Build.0 = Release|Any CPU
		{69BB1197-E14A-4320-998C-95DCD3695E15}.Debug|Any CPU.ActiveCfg = Debug|Any CPU
		{69BB1197-E14A-4320-998C-95DCD3695E15}.Debug|Any CPU.Build.0 = Debug|Any CPU
		{69BB1197-E14A-4320-998C-95DCD3695E15}.Release|Any CPU.ActiveCfg = Release|Any CPU
		{69BB1197-E14A-4320-998C-95DCD3695E15}.Release|Any CPU.Build.0 = Release|Any CPU
		{828AB39B-2D09-4017-92CA-6808333FEDFE}.Debug|Any CPU.ActiveCfg = Debug|Any CPU
		{828AB39B-2D09-4017-92CA-6808333FEDFE}.Debug|Any CPU.Build.0 = Debug|Any CPU
		{828AB39B-2D09-4017-92CA-6808333FEDFE}.Release|Any CPU.ActiveCfg = Release|Any CPU
		{828AB39B-2D09-4017-92CA-6808333FEDFE}.Release|Any CPU.Build.0 = Release|Any CPU
		{4BA18C1F-210E-429D-B564-874686A2E90C}.Debug|Any CPU.ActiveCfg = Debug|Any CPU
		{4BA18C1F-210E-429D-B564-874686A2E90C}.Debug|Any CPU.Build.0 = Debug|Any CPU
		{4BA18C1F-210E-429D-B564-874686A2E90C}.Release|Any CPU.ActiveCfg = Release|Any CPU
		{4BA18C1F-210E-429D-B564-874686A2E90C}.Release|Any CPU.Build.0 = Release|Any CPU
		{70532A7D-3E41-4F17-918D-C4667748BA3F}.Debug|Any CPU.ActiveCfg = Debug|Any CPU
		{70532A7D-3E41-4F17-918D-C4667748BA3F}.Debug|Any CPU.Build.0 = Debug|Any CPU
		{70532A7D-3E41-4F17-918D-C4667748BA3F}.Release|Any CPU.ActiveCfg = Release|Any CPU
		{70532A7D-3E41-4F17-918D-C4667748BA3F}.Release|Any CPU.Build.0 = Release|Any CPU
		{831588A4-3EA0-42DA-8B22-867D2AB04A13}.Debug|Any CPU.ActiveCfg = Debug|Any CPU
		{831588A4-3EA0-42DA-8B22-867D2AB04A13}.Debug|Any CPU.Build.0 = Debug|Any CPU
		{831588A4-3EA0-42DA-8B22-867D2AB04A13}.Release|Any CPU.ActiveCfg = Release|Any CPU
		{831588A4-3EA0-42DA-8B22-867D2AB04A13}.Release|Any CPU.Build.0 = Release|Any CPU
		{0C5B27C8-7F3A-474F-B4E0-5E3B7726AAE5}.Debug|Any CPU.ActiveCfg = Debug|Any CPU
		{0C5B27C8-7F3A-474F-B4E0-5E3B7726AAE5}.Debug|Any CPU.Build.0 = Debug|Any CPU
		{0C5B27C8-7F3A-474F-B4E0-5E3B7726AAE5}.Release|Any CPU.ActiveCfg = Release|Any CPU
		{0C5B27C8-7F3A-474F-B4E0-5E3B7726AAE5}.Release|Any CPU.Build.0 = Release|Any CPU
		{E0BBF165-F98E-4C7E-B5EF-4EA3D3E3B683}.Debug|Any CPU.ActiveCfg = Debug|Any CPU
		{E0BBF165-F98E-4C7E-B5EF-4EA3D3E3B683}.Debug|Any CPU.Build.0 = Debug|Any CPU
		{E0BBF165-F98E-4C7E-B5EF-4EA3D3E3B683}.Release|Any CPU.ActiveCfg = Release|Any CPU
		{E0BBF165-F98E-4C7E-B5EF-4EA3D3E3B683}.Release|Any CPU.Build.0 = Release|Any CPU
		{4E71496A-C7E5-42A4-87DB-5DF8DC9B4A0C}.Debug|Any CPU.ActiveCfg = Debug|Any CPU
		{4E71496A-C7E5-42A4-87DB-5DF8DC9B4A0C}.Debug|Any CPU.Build.0 = Debug|Any CPU
		{4E71496A-C7E5-42A4-87DB-5DF8DC9B4A0C}.Release|Any CPU.ActiveCfg = Release|Any CPU
		{4E71496A-C7E5-42A4-87DB-5DF8DC9B4A0C}.Release|Any CPU.Build.0 = Release|Any CPU
		{D29D3F4B-A7CD-4407-954C-852DEE621DC7}.Debug|Any CPU.ActiveCfg = Debug|Any CPU
		{D29D3F4B-A7CD-4407-954C-852DEE621DC7}.Debug|Any CPU.Build.0 = Debug|Any CPU
		{D29D3F4B-A7CD-4407-954C-852DEE621DC7}.Release|Any CPU.ActiveCfg = Release|Any CPU
		{D29D3F4B-A7CD-4407-954C-852DEE621DC7}.Release|Any CPU.Build.0 = Release|Any CPU
		{7F93DB86-CC60-4118-9991-DFB52289D798}.Debug|Any CPU.ActiveCfg = Debug|Any CPU
		{7F93DB86-CC60-4118-9991-DFB52289D798}.Debug|Any CPU.Build.0 = Debug|Any CPU
		{7F93DB86-CC60-4118-9991-DFB52289D798}.Release|Any CPU.ActiveCfg = Release|Any CPU
		{7F93DB86-CC60-4118-9991-DFB52289D798}.Release|Any CPU.Build.0 = Release|Any CPU
		{F7E2FA73-C3B0-4194-A286-0A7A14580CD2}.Debug|Any CPU.ActiveCfg = Debug|Any CPU
		{F7E2FA73-C3B0-4194-A286-0A7A14580CD2}.Debug|Any CPU.Build.0 = Debug|Any CPU
		{F7E2FA73-C3B0-4194-A286-0A7A14580CD2}.Release|Any CPU.ActiveCfg = Release|Any CPU
		{F7E2FA73-C3B0-4194-A286-0A7A14580CD2}.Release|Any CPU.Build.0 = Release|Any CPU
		{C3AE0850-7CA7-4E2C-8E65-9FFAE657A0EB}.Debug|Any CPU.ActiveCfg = Debug|Any CPU
		{C3AE0850-7CA7-4E2C-8E65-9FFAE657A0EB}.Debug|Any CPU.Build.0 = Debug|Any CPU
		{C3AE0850-7CA7-4E2C-8E65-9FFAE657A0EB}.Release|Any CPU.ActiveCfg = Release|Any CPU
		{C3AE0850-7CA7-4E2C-8E65-9FFAE657A0EB}.Release|Any CPU.Build.0 = Release|Any CPU
		{E02F7DB8-C074-4FE9-86B9-0D90A748D436}.Debug|Any CPU.ActiveCfg = Debug|Any CPU
		{E02F7DB8-C074-4FE9-86B9-0D90A748D436}.Debug|Any CPU.Build.0 = Debug|Any CPU
		{E02F7DB8-C074-4FE9-86B9-0D90A748D436}.Release|Any CPU.ActiveCfg = Release|Any CPU
		{E02F7DB8-C074-4FE9-86B9-0D90A748D436}.Release|Any CPU.Build.0 = Release|Any CPU
		{99B14D74-9907-48A3-8DFB-FE73D10C8BF2}.Debug|Any CPU.ActiveCfg = Debug|Any CPU
		{99B14D74-9907-48A3-8DFB-FE73D10C8BF2}.Debug|Any CPU.Build.0 = Debug|Any CPU
		{99B14D74-9907-48A3-8DFB-FE73D10C8BF2}.Release|Any CPU.ActiveCfg = Release|Any CPU
		{99B14D74-9907-48A3-8DFB-FE73D10C8BF2}.Release|Any CPU.Build.0 = Release|Any CPU
		{5FA15F62-C9D6-4442-B757-53F1D2F2E49A}.Debug|Any CPU.ActiveCfg = Debug|Any CPU
		{5FA15F62-C9D6-4442-B757-53F1D2F2E49A}.Debug|Any CPU.Build.0 = Debug|Any CPU
		{5FA15F62-C9D6-4442-B757-53F1D2F2E49A}.Release|Any CPU.ActiveCfg = Release|Any CPU
		{5FA15F62-C9D6-4442-B757-53F1D2F2E49A}.Release|Any CPU.Build.0 = Release|Any CPU
		{DFD37741-0A8D-404E-BFA8-29289B07892B}.Debug|Any CPU.ActiveCfg = Debug|Any CPU
		{DFD37741-0A8D-404E-BFA8-29289B07892B}.Debug|Any CPU.Build.0 = Debug|Any CPU
		{DFD37741-0A8D-404E-BFA8-29289B07892B}.Release|Any CPU.ActiveCfg = Release|Any CPU
		{DFD37741-0A8D-404E-BFA8-29289B07892B}.Release|Any CPU.Build.0 = Release|Any CPU
		{556E113F-C366-4394-B266-CBCD0216FF5A}.Debug|Any CPU.ActiveCfg = Debug|Any CPU
		{556E113F-C366-4394-B266-CBCD0216FF5A}.Debug|Any CPU.Build.0 = Debug|Any CPU
		{556E113F-C366-4394-B266-CBCD0216FF5A}.Release|Any CPU.ActiveCfg = Release|Any CPU
		{556E113F-C366-4394-B266-CBCD0216FF5A}.Release|Any CPU.Build.0 = Release|Any CPU
		{A97CAE2F-F371-4E20-92C9-ED767E4BE932}.Debug|Any CPU.ActiveCfg = Debug|Any CPU
		{A97CAE2F-F371-4E20-92C9-ED767E4BE932}.Debug|Any CPU.Build.0 = Debug|Any CPU
		{A97CAE2F-F371-4E20-92C9-ED767E4BE932}.Release|Any CPU.ActiveCfg = Release|Any CPU
		{A97CAE2F-F371-4E20-92C9-ED767E4BE932}.Release|Any CPU.Build.0 = Release|Any CPU
		{372AC4D1-EA3D-48BE-A8CC-56A109262670}.Debug|Any CPU.ActiveCfg = Debug|Any CPU
		{372AC4D1-EA3D-48BE-A8CC-56A109262670}.Debug|Any CPU.Build.0 = Debug|Any CPU
		{372AC4D1-EA3D-48BE-A8CC-56A109262670}.Release|Any CPU.ActiveCfg = Release|Any CPU
		{372AC4D1-EA3D-48BE-A8CC-56A109262670}.Release|Any CPU.Build.0 = Release|Any CPU
		{28B0B8C3-29CB-4137-9A2E-05990D9C4553}.Debug|Any CPU.ActiveCfg = Debug|Any CPU
		{28B0B8C3-29CB-4137-9A2E-05990D9C4553}.Debug|Any CPU.Build.0 = Debug|Any CPU
		{28B0B8C3-29CB-4137-9A2E-05990D9C4553}.Release|Any CPU.ActiveCfg = Release|Any CPU
		{28B0B8C3-29CB-4137-9A2E-05990D9C4553}.Release|Any CPU.Build.0 = Release|Any CPU
		{A7546231-BC68-49C2-B081-2AD506CFB7C8}.Debug|Any CPU.ActiveCfg = Debug|Any CPU
		{A7546231-BC68-49C2-B081-2AD506CFB7C8}.Debug|Any CPU.Build.0 = Debug|Any CPU
		{A7546231-BC68-49C2-B081-2AD506CFB7C8}.Release|Any CPU.ActiveCfg = Release|Any CPU
		{A7546231-BC68-49C2-B081-2AD506CFB7C8}.Release|Any CPU.Build.0 = Release|Any CPU
		{D454A823-11FA-4EBD-85F6-D456FD4197B3}.Debug|Any CPU.ActiveCfg = Debug|Any CPU
		{D454A823-11FA-4EBD-85F6-D456FD4197B3}.Debug|Any CPU.Build.0 = Debug|Any CPU
		{D454A823-11FA-4EBD-85F6-D456FD4197B3}.Release|Any CPU.ActiveCfg = Release|Any CPU
		{D454A823-11FA-4EBD-85F6-D456FD4197B3}.Release|Any CPU.Build.0 = Release|Any CPU
		{41E5804B-D84D-4540-9570-0F4E44B2A005}.Debug|Any CPU.ActiveCfg = Debug|Any CPU
		{41E5804B-D84D-4540-9570-0F4E44B2A005}.Debug|Any CPU.Build.0 = Debug|Any CPU
		{41E5804B-D84D-4540-9570-0F4E44B2A005}.Release|Any CPU.ActiveCfg = Release|Any CPU
		{41E5804B-D84D-4540-9570-0F4E44B2A005}.Release|Any CPU.Build.0 = Release|Any CPU
		{2C4E62B5-ECFC-4346-8736-81B28CBD633F}.Debug|Any CPU.ActiveCfg = Debug|Any CPU
		{2C4E62B5-ECFC-4346-8736-81B28CBD633F}.Debug|Any CPU.Build.0 = Debug|Any CPU
		{2C4E62B5-ECFC-4346-8736-81B28CBD633F}.Release|Any CPU.ActiveCfg = Release|Any CPU
		{2C4E62B5-ECFC-4346-8736-81B28CBD633F}.Release|Any CPU.Build.0 = Release|Any CPU
		{6AAB4FF1-156B-4AEB-B37E-1822060A3625}.Debug|Any CPU.ActiveCfg = Debug|Any CPU
		{6AAB4FF1-156B-4AEB-B37E-1822060A3625}.Debug|Any CPU.Build.0 = Debug|Any CPU
		{6AAB4FF1-156B-4AEB-B37E-1822060A3625}.Release|Any CPU.ActiveCfg = Release|Any CPU
		{6AAB4FF1-156B-4AEB-B37E-1822060A3625}.Release|Any CPU.Build.0 = Release|Any CPU
		{938422E5-35C8-42BD-8A49-E00062128078}.Debug|Any CPU.ActiveCfg = Debug|Any CPU
		{938422E5-35C8-42BD-8A49-E00062128078}.Debug|Any CPU.Build.0 = Debug|Any CPU
		{938422E5-35C8-42BD-8A49-E00062128078}.Release|Any CPU.ActiveCfg = Release|Any CPU
		{938422E5-35C8-42BD-8A49-E00062128078}.Release|Any CPU.Build.0 = Release|Any CPU
		{B7FF1BB2-A19D-4FC3-A502-16F309E7FBAC}.Debug|Any CPU.ActiveCfg = Debug|Any CPU
		{B7FF1BB2-A19D-4FC3-A502-16F309E7FBAC}.Debug|Any CPU.Build.0 = Debug|Any CPU
		{B7FF1BB2-A19D-4FC3-A502-16F309E7FBAC}.Release|Any CPU.ActiveCfg = Release|Any CPU
		{B7FF1BB2-A19D-4FC3-A502-16F309E7FBAC}.Release|Any CPU.Build.0 = Release|Any CPU
		{AB32E284-28FB-4640-AE79-606E4A564BF3}.Debug|Any CPU.ActiveCfg = Debug|Any CPU
		{AB32E284-28FB-4640-AE79-606E4A564BF3}.Debug|Any CPU.Build.0 = Debug|Any CPU
		{AB32E284-28FB-4640-AE79-606E4A564BF3}.Release|Any CPU.ActiveCfg = Release|Any CPU
		{AB32E284-28FB-4640-AE79-606E4A564BF3}.Release|Any CPU.Build.0 = Release|Any CPU
		{2D8EE0AD-4E2F-48B6-BD84-650C7AA64C7F}.Debug|Any CPU.ActiveCfg = Debug|Any CPU
		{2D8EE0AD-4E2F-48B6-BD84-650C7AA64C7F}.Debug|Any CPU.Build.0 = Debug|Any CPU
		{2D8EE0AD-4E2F-48B6-BD84-650C7AA64C7F}.Release|Any CPU.ActiveCfg = Release|Any CPU
		{2D8EE0AD-4E2F-48B6-BD84-650C7AA64C7F}.Release|Any CPU.Build.0 = Release|Any CPU
		{DB7EE31B-4227-4C88-B039-A003C2857ABD}.Debug|Any CPU.ActiveCfg = Debug|Any CPU
		{DB7EE31B-4227-4C88-B039-A003C2857ABD}.Debug|Any CPU.Build.0 = Debug|Any CPU
		{DB7EE31B-4227-4C88-B039-A003C2857ABD}.Release|Any CPU.ActiveCfg = Release|Any CPU
		{DB7EE31B-4227-4C88-B039-A003C2857ABD}.Release|Any CPU.Build.0 = Release|Any CPU
		{3AE6311A-94FA-4A01-A627-A6C406DCE6B9}.Debug|Any CPU.ActiveCfg = Debug|Any CPU
		{3AE6311A-94FA-4A01-A627-A6C406DCE6B9}.Debug|Any CPU.Build.0 = Debug|Any CPU
		{3AE6311A-94FA-4A01-A627-A6C406DCE6B9}.Release|Any CPU.ActiveCfg = Release|Any CPU
		{3AE6311A-94FA-4A01-A627-A6C406DCE6B9}.Release|Any CPU.Build.0 = Release|Any CPU
		{A42F4F62-0EA0-4BBC-92D5-F670D9F3EFFC}.Debug|Any CPU.ActiveCfg = Debug|Any CPU
		{A42F4F62-0EA0-4BBC-92D5-F670D9F3EFFC}.Debug|Any CPU.Build.0 = Debug|Any CPU
		{A42F4F62-0EA0-4BBC-92D5-F670D9F3EFFC}.Release|Any CPU.ActiveCfg = Release|Any CPU
		{A42F4F62-0EA0-4BBC-92D5-F670D9F3EFFC}.Release|Any CPU.Build.0 = Release|Any CPU
		{876DD30E-BEA0-4023-BDC3-C46DEC6607EE}.Debug|Any CPU.ActiveCfg = Debug|Any CPU
		{876DD30E-BEA0-4023-BDC3-C46DEC6607EE}.Debug|Any CPU.Build.0 = Debug|Any CPU
		{876DD30E-BEA0-4023-BDC3-C46DEC6607EE}.Release|Any CPU.ActiveCfg = Release|Any CPU
		{876DD30E-BEA0-4023-BDC3-C46DEC6607EE}.Release|Any CPU.Build.0 = Release|Any CPU
		{6C62E2B5-6051-4318-8E8D-FF577105185D}.Debug|Any CPU.ActiveCfg = Debug|Any CPU
		{6C62E2B5-6051-4318-8E8D-FF577105185D}.Debug|Any CPU.Build.0 = Debug|Any CPU
		{6C62E2B5-6051-4318-8E8D-FF577105185D}.Release|Any CPU.ActiveCfg = Release|Any CPU
		{6C62E2B5-6051-4318-8E8D-FF577105185D}.Release|Any CPU.Build.0 = Release|Any CPU
		{4167EA06-7012-4866-B9B0-B6FCC2AB8574}.Debug|Any CPU.ActiveCfg = Debug|Any CPU
		{4167EA06-7012-4866-B9B0-B6FCC2AB8574}.Debug|Any CPU.Build.0 = Debug|Any CPU
		{4167EA06-7012-4866-B9B0-B6FCC2AB8574}.Release|Any CPU.ActiveCfg = Release|Any CPU
		{4167EA06-7012-4866-B9B0-B6FCC2AB8574}.Release|Any CPU.Build.0 = Release|Any CPU
		{99BB37D5-C286-4A29-93C6-5B444E8A6F70}.Debug|Any CPU.ActiveCfg = Debug|Any CPU
		{99BB37D5-C286-4A29-93C6-5B444E8A6F70}.Debug|Any CPU.Build.0 = Debug|Any CPU
		{99BB37D5-C286-4A29-93C6-5B444E8A6F70}.Release|Any CPU.ActiveCfg = Release|Any CPU
		{99BB37D5-C286-4A29-93C6-5B444E8A6F70}.Release|Any CPU.Build.0 = Release|Any CPU
		{B16762F1-3DDF-440F-8745-43A1E5AF0446}.Debug|Any CPU.ActiveCfg = Debug|Any CPU
		{B16762F1-3DDF-440F-8745-43A1E5AF0446}.Debug|Any CPU.Build.0 = Debug|Any CPU
		{B16762F1-3DDF-440F-8745-43A1E5AF0446}.Release|Any CPU.ActiveCfg = Release|Any CPU
		{B16762F1-3DDF-440F-8745-43A1E5AF0446}.Release|Any CPU.Build.0 = Release|Any CPU
		{D8231453-FD45-4FAB-8F5F-7FF4C8BA2233}.Debug|Any CPU.ActiveCfg = Debug|Any CPU
		{D8231453-FD45-4FAB-8F5F-7FF4C8BA2233}.Debug|Any CPU.Build.0 = Debug|Any CPU
		{D8231453-FD45-4FAB-8F5F-7FF4C8BA2233}.Release|Any CPU.ActiveCfg = Release|Any CPU
		{D8231453-FD45-4FAB-8F5F-7FF4C8BA2233}.Release|Any CPU.Build.0 = Release|Any CPU
		{41468D8A-621A-4A89-B43A-483FFC724652}.Debug|Any CPU.ActiveCfg = Debug|Any CPU
		{41468D8A-621A-4A89-B43A-483FFC724652}.Debug|Any CPU.Build.0 = Debug|Any CPU
		{41468D8A-621A-4A89-B43A-483FFC724652}.Release|Any CPU.ActiveCfg = Release|Any CPU
		{41468D8A-621A-4A89-B43A-483FFC724652}.Release|Any CPU.Build.0 = Release|Any CPU
		{17D5B71D-CB92-4E25-A928-BCD83D8786A9}.Debug|Any CPU.ActiveCfg = Debug|Any CPU
		{17D5B71D-CB92-4E25-A928-BCD83D8786A9}.Debug|Any CPU.Build.0 = Debug|Any CPU
		{17D5B71D-CB92-4E25-A928-BCD83D8786A9}.Release|Any CPU.ActiveCfg = Release|Any CPU
		{17D5B71D-CB92-4E25-A928-BCD83D8786A9}.Release|Any CPU.Build.0 = Release|Any CPU
		{EEA571AA-9522-4634-95A6-C6FAD0C31FB2}.Debug|Any CPU.ActiveCfg = Debug|Any CPU
		{EEA571AA-9522-4634-95A6-C6FAD0C31FB2}.Debug|Any CPU.Build.0 = Debug|Any CPU
		{EEA571AA-9522-4634-95A6-C6FAD0C31FB2}.Release|Any CPU.ActiveCfg = Release|Any CPU
		{EEA571AA-9522-4634-95A6-C6FAD0C31FB2}.Release|Any CPU.Build.0 = Release|Any CPU
		{5F4C382A-7B6E-47B7-A815-92C5B5CC26C2}.Debug|Any CPU.ActiveCfg = Debug|Any CPU
		{5F4C382A-7B6E-47B7-A815-92C5B5CC26C2}.Debug|Any CPU.Build.0 = Debug|Any CPU
		{5F4C382A-7B6E-47B7-A815-92C5B5CC26C2}.Release|Any CPU.ActiveCfg = Release|Any CPU
		{5F4C382A-7B6E-47B7-A815-92C5B5CC26C2}.Release|Any CPU.Build.0 = Release|Any CPU
		{ED544C7D-026C-42CF-BA7F-763D4CE176E0}.Debug|Any CPU.ActiveCfg = Debug|Any CPU
		{ED544C7D-026C-42CF-BA7F-763D4CE176E0}.Debug|Any CPU.Build.0 = Debug|Any CPU
		{ED544C7D-026C-42CF-BA7F-763D4CE176E0}.Release|Any CPU.ActiveCfg = Release|Any CPU
		{ED544C7D-026C-42CF-BA7F-763D4CE176E0}.Release|Any CPU.Build.0 = Release|Any CPU
		{C513C600-7C0D-4E3F-9A98-33AAB4CFF35F}.Debug|Any CPU.ActiveCfg = Debug|Any CPU
		{C513C600-7C0D-4E3F-9A98-33AAB4CFF35F}.Debug|Any CPU.Build.0 = Debug|Any CPU
		{C513C600-7C0D-4E3F-9A98-33AAB4CFF35F}.Release|Any CPU.ActiveCfg = Release|Any CPU
		{C513C600-7C0D-4E3F-9A98-33AAB4CFF35F}.Release|Any CPU.Build.0 = Release|Any CPU
		{9186D772-B20E-4330-962B-D01767C4FEE4}.Debug|Any CPU.ActiveCfg = Debug|Any CPU
		{9186D772-B20E-4330-962B-D01767C4FEE4}.Debug|Any CPU.Build.0 = Debug|Any CPU
		{9186D772-B20E-4330-962B-D01767C4FEE4}.Release|Any CPU.ActiveCfg = Release|Any CPU
		{9186D772-B20E-4330-962B-D01767C4FEE4}.Release|Any CPU.Build.0 = Release|Any CPU
		{D8391D1A-E594-4290-9F73-83582568EA9D}.Debug|Any CPU.ActiveCfg = Debug|Any CPU
		{D8391D1A-E594-4290-9F73-83582568EA9D}.Debug|Any CPU.Build.0 = Debug|Any CPU
		{D8391D1A-E594-4290-9F73-83582568EA9D}.Release|Any CPU.ActiveCfg = Release|Any CPU
		{D8391D1A-E594-4290-9F73-83582568EA9D}.Release|Any CPU.Build.0 = Release|Any CPU
		{A22D8184-4CA3-45B1-92CE-A37A799FD12D}.Debug|Any CPU.ActiveCfg = Debug|Any CPU
		{A22D8184-4CA3-45B1-92CE-A37A799FD12D}.Debug|Any CPU.Build.0 = Debug|Any CPU
		{A22D8184-4CA3-45B1-92CE-A37A799FD12D}.Release|Any CPU.ActiveCfg = Release|Any CPU
		{A22D8184-4CA3-45B1-92CE-A37A799FD12D}.Release|Any CPU.Build.0 = Release|Any CPU
		{BA5DBE54-CAC7-4A10-AD23-43BC7E96AC85}.Debug|Any CPU.ActiveCfg = Debug|Any CPU
		{BA5DBE54-CAC7-4A10-AD23-43BC7E96AC85}.Debug|Any CPU.Build.0 = Debug|Any CPU
		{BA5DBE54-CAC7-4A10-AD23-43BC7E96AC85}.Release|Any CPU.ActiveCfg = Release|Any CPU
		{BA5DBE54-CAC7-4A10-AD23-43BC7E96AC85}.Release|Any CPU.Build.0 = Release|Any CPU
		{1B42E8F4-E17D-4878-B20A-FC6FA466FFC5}.Debug|Any CPU.ActiveCfg = Debug|Any CPU
		{1B42E8F4-E17D-4878-B20A-FC6FA466FFC5}.Debug|Any CPU.Build.0 = Debug|Any CPU
		{1B42E8F4-E17D-4878-B20A-FC6FA466FFC5}.Release|Any CPU.ActiveCfg = Release|Any CPU
		{1B42E8F4-E17D-4878-B20A-FC6FA466FFC5}.Release|Any CPU.Build.0 = Release|Any CPU
		{E22178D4-493F-4FF3-8747-CA0222C219D2}.Debug|Any CPU.ActiveCfg = Debug|Any CPU
		{E22178D4-493F-4FF3-8747-CA0222C219D2}.Debug|Any CPU.Build.0 = Debug|Any CPU
		{E22178D4-493F-4FF3-8747-CA0222C219D2}.Release|Any CPU.ActiveCfg = Release|Any CPU
		{E22178D4-493F-4FF3-8747-CA0222C219D2}.Release|Any CPU.Build.0 = Release|Any CPU
		{E9927A66-0D52-4DBE-8C20-7F15CE31709E}.Debug|Any CPU.ActiveCfg = Debug|Any CPU
		{E9927A66-0D52-4DBE-8C20-7F15CE31709E}.Debug|Any CPU.Build.0 = Debug|Any CPU
		{E9927A66-0D52-4DBE-8C20-7F15CE31709E}.Release|Any CPU.ActiveCfg = Release|Any CPU
		{E9927A66-0D52-4DBE-8C20-7F15CE31709E}.Release|Any CPU.Build.0 = Release|Any CPU
		{931D65F3-A147-4F18-BAC5-14EF424F2EF8}.Debug|Any CPU.ActiveCfg = Debug|Any CPU
		{931D65F3-A147-4F18-BAC5-14EF424F2EF8}.Debug|Any CPU.Build.0 = Debug|Any CPU
		{931D65F3-A147-4F18-BAC5-14EF424F2EF8}.Release|Any CPU.ActiveCfg = Release|Any CPU
		{931D65F3-A147-4F18-BAC5-14EF424F2EF8}.Release|Any CPU.Build.0 = Release|Any CPU
		{5FA6EF8C-A955-49A4-9CF9-76EB734B5277}.Debug|Any CPU.ActiveCfg = Debug|Any CPU
		{5FA6EF8C-A955-49A4-9CF9-76EB734B5277}.Debug|Any CPU.Build.0 = Debug|Any CPU
		{5FA6EF8C-A955-49A4-9CF9-76EB734B5277}.Release|Any CPU.ActiveCfg = Release|Any CPU
		{5FA6EF8C-A955-49A4-9CF9-76EB734B5277}.Release|Any CPU.Build.0 = Release|Any CPU
		{3D958318-D10E-4D12-A5D1-CE4F451DDF7F}.Debug|Any CPU.ActiveCfg = Debug|Any CPU
		{3D958318-D10E-4D12-A5D1-CE4F451DDF7F}.Debug|Any CPU.Build.0 = Debug|Any CPU
		{3D958318-D10E-4D12-A5D1-CE4F451DDF7F}.Release|Any CPU.ActiveCfg = Release|Any CPU
		{3D958318-D10E-4D12-A5D1-CE4F451DDF7F}.Release|Any CPU.Build.0 = Release|Any CPU
		{8340DEF9-034B-4DC2-83A4-BC6D7EEF66C1}.Debug|Any CPU.ActiveCfg = Debug|Any CPU
		{8340DEF9-034B-4DC2-83A4-BC6D7EEF66C1}.Debug|Any CPU.Build.0 = Debug|Any CPU
		{8340DEF9-034B-4DC2-83A4-BC6D7EEF66C1}.Release|Any CPU.ActiveCfg = Release|Any CPU
		{8340DEF9-034B-4DC2-83A4-BC6D7EEF66C1}.Release|Any CPU.Build.0 = Release|Any CPU
		{9D1DC831-E924-437E-8DD5-979082451A9F}.Debug|Any CPU.ActiveCfg = Debug|Any CPU
		{9D1DC831-E924-437E-8DD5-979082451A9F}.Debug|Any CPU.Build.0 = Debug|Any CPU
		{9D1DC831-E924-437E-8DD5-979082451A9F}.Release|Any CPU.ActiveCfg = Release|Any CPU
		{9D1DC831-E924-437E-8DD5-979082451A9F}.Release|Any CPU.Build.0 = Release|Any CPU
		{052FF467-1499-4C72-8CEB-4ADC9134C32B}.Debug|Any CPU.ActiveCfg = Debug|Any CPU
		{052FF467-1499-4C72-8CEB-4ADC9134C32B}.Debug|Any CPU.Build.0 = Debug|Any CPU
		{052FF467-1499-4C72-8CEB-4ADC9134C32B}.Release|Any CPU.ActiveCfg = Release|Any CPU
		{052FF467-1499-4C72-8CEB-4ADC9134C32B}.Release|Any CPU.Build.0 = Release|Any CPU
		{EDF0E895-089E-4F14-B30E-39D973B1FC7B}.Debug|Any CPU.ActiveCfg = Debug|Any CPU
		{EDF0E895-089E-4F14-B30E-39D973B1FC7B}.Debug|Any CPU.Build.0 = Debug|Any CPU
		{EDF0E895-089E-4F14-B30E-39D973B1FC7B}.Release|Any CPU.ActiveCfg = Release|Any CPU
		{EDF0E895-089E-4F14-B30E-39D973B1FC7B}.Release|Any CPU.Build.0 = Release|Any CPU
		{443F833A-2830-4C50-8CDD-5C302D23AC0E}.Debug|Any CPU.ActiveCfg = Debug|Any CPU
		{443F833A-2830-4C50-8CDD-5C302D23AC0E}.Debug|Any CPU.Build.0 = Debug|Any CPU
		{443F833A-2830-4C50-8CDD-5C302D23AC0E}.Release|Any CPU.ActiveCfg = Release|Any CPU
		{443F833A-2830-4C50-8CDD-5C302D23AC0E}.Release|Any CPU.Build.0 = Release|Any CPU
		{89180662-1226-4025-8D70-D4D9450058C5}.Debug|Any CPU.ActiveCfg = Debug|Any CPU
		{89180662-1226-4025-8D70-D4D9450058C5}.Debug|Any CPU.Build.0 = Debug|Any CPU
		{89180662-1226-4025-8D70-D4D9450058C5}.Release|Any CPU.ActiveCfg = Release|Any CPU
		{89180662-1226-4025-8D70-D4D9450058C5}.Release|Any CPU.Build.0 = Release|Any CPU
		{6C82F654-3270-41B6-A9E4-67EC1C129CBA}.Debug|Any CPU.ActiveCfg = Debug|Any CPU
		{6C82F654-3270-41B6-A9E4-67EC1C129CBA}.Debug|Any CPU.Build.0 = Debug|Any CPU
		{6C82F654-3270-41B6-A9E4-67EC1C129CBA}.Release|Any CPU.ActiveCfg = Release|Any CPU
		{6C82F654-3270-41B6-A9E4-67EC1C129CBA}.Release|Any CPU.Build.0 = Release|Any CPU
		{C72283E9-AE01-4E5A-8A60-BACAD806CFFA}.Debug|Any CPU.ActiveCfg = Debug|Any CPU
		{C72283E9-AE01-4E5A-8A60-BACAD806CFFA}.Debug|Any CPU.Build.0 = Debug|Any CPU
		{C72283E9-AE01-4E5A-8A60-BACAD806CFFA}.Release|Any CPU.ActiveCfg = Release|Any CPU
		{C72283E9-AE01-4E5A-8A60-BACAD806CFFA}.Release|Any CPU.Build.0 = Release|Any CPU
		{A7375AF1-C1BA-4D4B-9814-A7815DEAF275}.Debug|Any CPU.ActiveCfg = Debug|Any CPU
		{A7375AF1-C1BA-4D4B-9814-A7815DEAF275}.Debug|Any CPU.Build.0 = Debug|Any CPU
		{A7375AF1-C1BA-4D4B-9814-A7815DEAF275}.Release|Any CPU.ActiveCfg = Release|Any CPU
		{A7375AF1-C1BA-4D4B-9814-A7815DEAF275}.Release|Any CPU.Build.0 = Release|Any CPU
		{20D12D33-ABBB-482B-B57D-25AF455CFFD3}.Debug|Any CPU.ActiveCfg = Debug|Any CPU
		{20D12D33-ABBB-482B-B57D-25AF455CFFD3}.Debug|Any CPU.Build.0 = Debug|Any CPU
		{20D12D33-ABBB-482B-B57D-25AF455CFFD3}.Release|Any CPU.ActiveCfg = Release|Any CPU
		{20D12D33-ABBB-482B-B57D-25AF455CFFD3}.Release|Any CPU.Build.0 = Release|Any CPU
		{137E6687-63F9-4720-B958-A53206FDEF99}.Debug|Any CPU.ActiveCfg = Debug|Any CPU
		{137E6687-63F9-4720-B958-A53206FDEF99}.Debug|Any CPU.Build.0 = Debug|Any CPU
		{137E6687-63F9-4720-B958-A53206FDEF99}.Release|Any CPU.ActiveCfg = Release|Any CPU
		{137E6687-63F9-4720-B958-A53206FDEF99}.Release|Any CPU.Build.0 = Release|Any CPU
		{52A1D683-9335-4BB7-9C72-7779D5A2D8B4}.Debug|Any CPU.ActiveCfg = Debug|Any CPU
		{52A1D683-9335-4BB7-9C72-7779D5A2D8B4}.Debug|Any CPU.Build.0 = Debug|Any CPU
		{52A1D683-9335-4BB7-9C72-7779D5A2D8B4}.Release|Any CPU.ActiveCfg = Release|Any CPU
		{52A1D683-9335-4BB7-9C72-7779D5A2D8B4}.Release|Any CPU.Build.0 = Release|Any CPU
		{669A1586-E38C-46EE-9876-0DD689B36CDA}.Debug|Any CPU.ActiveCfg = Debug|Any CPU
		{669A1586-E38C-46EE-9876-0DD689B36CDA}.Debug|Any CPU.Build.0 = Debug|Any CPU
		{669A1586-E38C-46EE-9876-0DD689B36CDA}.Release|Any CPU.ActiveCfg = Release|Any CPU
		{669A1586-E38C-46EE-9876-0DD689B36CDA}.Release|Any CPU.Build.0 = Release|Any CPU
		{3D6B28D2-3224-46EA-AEEC-72576A082BF4}.Debug|Any CPU.ActiveCfg = Debug|Any CPU
		{3D6B28D2-3224-46EA-AEEC-72576A082BF4}.Debug|Any CPU.Build.0 = Debug|Any CPU
		{3D6B28D2-3224-46EA-AEEC-72576A082BF4}.Release|Any CPU.ActiveCfg = Release|Any CPU
		{3D6B28D2-3224-46EA-AEEC-72576A082BF4}.Release|Any CPU.Build.0 = Release|Any CPU
		{CB6A4E51-32C8-4F36-B71D-B110B9298B90}.Debug|Any CPU.ActiveCfg = Debug|Any CPU
		{CB6A4E51-32C8-4F36-B71D-B110B9298B90}.Debug|Any CPU.Build.0 = Debug|Any CPU
		{CB6A4E51-32C8-4F36-B71D-B110B9298B90}.Release|Any CPU.ActiveCfg = Release|Any CPU
		{CB6A4E51-32C8-4F36-B71D-B110B9298B90}.Release|Any CPU.Build.0 = Release|Any CPU
		{D1A33552-632B-446D-A93D-8EC499FE8862}.Debug|Any CPU.ActiveCfg = Debug|Any CPU
		{D1A33552-632B-446D-A93D-8EC499FE8862}.Debug|Any CPU.Build.0 = Debug|Any CPU
		{D1A33552-632B-446D-A93D-8EC499FE8862}.Release|Any CPU.ActiveCfg = Release|Any CPU
		{D1A33552-632B-446D-A93D-8EC499FE8862}.Release|Any CPU.Build.0 = Release|Any CPU
		{8E1793C3-520C-428B-8778-EB69C5075F8A}.Debug|Any CPU.ActiveCfg = Debug|Any CPU
		{8E1793C3-520C-428B-8778-EB69C5075F8A}.Debug|Any CPU.Build.0 = Debug|Any CPU
		{8E1793C3-520C-428B-8778-EB69C5075F8A}.Release|Any CPU.ActiveCfg = Release|Any CPU
		{8E1793C3-520C-428B-8778-EB69C5075F8A}.Release|Any CPU.Build.0 = Release|Any CPU
		{FAA34F52-4EB2-4FB8-A642-DFA6085A0EF9}.Debug|Any CPU.ActiveCfg = Debug|Any CPU
		{FAA34F52-4EB2-4FB8-A642-DFA6085A0EF9}.Debug|Any CPU.Build.0 = Debug|Any CPU
		{FAA34F52-4EB2-4FB8-A642-DFA6085A0EF9}.Release|Any CPU.ActiveCfg = Release|Any CPU
		{FAA34F52-4EB2-4FB8-A642-DFA6085A0EF9}.Release|Any CPU.Build.0 = Release|Any CPU
		{E21B40EB-AE3A-46C5-AD8C-3049D73F4945}.Debug|Any CPU.ActiveCfg = Debug|Any CPU
		{E21B40EB-AE3A-46C5-AD8C-3049D73F4945}.Debug|Any CPU.Build.0 = Debug|Any CPU
		{E21B40EB-AE3A-46C5-AD8C-3049D73F4945}.Release|Any CPU.ActiveCfg = Release|Any CPU
		{E21B40EB-AE3A-46C5-AD8C-3049D73F4945}.Release|Any CPU.Build.0 = Release|Any CPU
		{A27297BF-F432-4E4B-A680-E9E2F98B6BE1}.Debug|Any CPU.ActiveCfg = Debug|Any CPU
		{A27297BF-F432-4E4B-A680-E9E2F98B6BE1}.Debug|Any CPU.Build.0 = Debug|Any CPU
		{A27297BF-F432-4E4B-A680-E9E2F98B6BE1}.Release|Any CPU.ActiveCfg = Release|Any CPU
		{A27297BF-F432-4E4B-A680-E9E2F98B6BE1}.Release|Any CPU.Build.0 = Release|Any CPU
		{99268E31-0C6F-499F-9BE0-BBF70B694AA6}.Debug|Any CPU.ActiveCfg = Debug|Any CPU
		{99268E31-0C6F-499F-9BE0-BBF70B694AA6}.Debug|Any CPU.Build.0 = Debug|Any CPU
		{99268E31-0C6F-499F-9BE0-BBF70B694AA6}.Release|Any CPU.ActiveCfg = Release|Any CPU
		{99268E31-0C6F-499F-9BE0-BBF70B694AA6}.Release|Any CPU.Build.0 = Release|Any CPU
		{9C6D4152-6971-4C40-8111-C519E17643CF}.Debug|Any CPU.ActiveCfg = Debug|Any CPU
		{9C6D4152-6971-4C40-8111-C519E17643CF}.Debug|Any CPU.Build.0 = Debug|Any CPU
		{9C6D4152-6971-4C40-8111-C519E17643CF}.Release|Any CPU.ActiveCfg = Release|Any CPU
		{9C6D4152-6971-4C40-8111-C519E17643CF}.Release|Any CPU.Build.0 = Release|Any CPU
		{3D2D9148-7CC7-41B0-A0E1-BB707AF1AEC5}.Debug|Any CPU.ActiveCfg = Debug|Any CPU
		{3D2D9148-7CC7-41B0-A0E1-BB707AF1AEC5}.Debug|Any CPU.Build.0 = Debug|Any CPU
		{3D2D9148-7CC7-41B0-A0E1-BB707AF1AEC5}.Release|Any CPU.ActiveCfg = Release|Any CPU
		{3D2D9148-7CC7-41B0-A0E1-BB707AF1AEC5}.Release|Any CPU.Build.0 = Release|Any CPU
		{F557DF5F-6334-46B9-B55E-75D129BE68D8}.Debug|Any CPU.ActiveCfg = Debug|Any CPU
		{F557DF5F-6334-46B9-B55E-75D129BE68D8}.Debug|Any CPU.Build.0 = Debug|Any CPU
		{F557DF5F-6334-46B9-B55E-75D129BE68D8}.Release|Any CPU.ActiveCfg = Release|Any CPU
		{F557DF5F-6334-46B9-B55E-75D129BE68D8}.Release|Any CPU.Build.0 = Release|Any CPU
	EndGlobalSection
	GlobalSection(SolutionProperties) = preSolution
		HideSolutionNode = FALSE
	EndGlobalSection
	GlobalSection(NestedProjects) = preSolution
		{DF80BA54-DF20-416B-90B1-BF2146AB872F} = {7A44B96E-0C60-47F2-91FB-8302606C66B5}
		{317D559E-967B-44FF-8859-602A52FCE437} = {7A44B96E-0C60-47F2-91FB-8302606C66B5}
		{7329F30B-B1B0-44FB-A733-EB8116D8D2F3} = {7A44B96E-0C60-47F2-91FB-8302606C66B5}
		{D2685840-D72C-4292-888C-0A9CF3BDBD3D} = {7A44B96E-0C60-47F2-91FB-8302606C66B5}
		{A7F491C4-C576-46AB-A9DE-92347BA0A176} = {7A44B96E-0C60-47F2-91FB-8302606C66B5}
		{1A6CC1B9-F7E5-4F20-AA0F-ECADAFC04BF2} = {7A44B96E-0C60-47F2-91FB-8302606C66B5}
		{E43AFF6F-BA3E-495E-A96D-22D3D32F7EA5} = {7A44B96E-0C60-47F2-91FB-8302606C66B5}
		{A211ACD2-853C-4226-9572-BB70803A0692} = {7A44B96E-0C60-47F2-91FB-8302606C66B5}
		{EB32A165-690E-499C-9890-460F918F3555} = {7A44B96E-0C60-47F2-91FB-8302606C66B5}
		{85D6BE3F-1ED3-4318-8AB1-B0DADD63414D} = {7A44B96E-0C60-47F2-91FB-8302606C66B5}
		{B6F79A99-1FD9-45B3-BCC6-6F2DF522A4FF} = {7A44B96E-0C60-47F2-91FB-8302606C66B5}
		{262F2BE4-4AD2-4AB8-8B99-B48A18DBFCC4} = {7A44B96E-0C60-47F2-91FB-8302606C66B5}
		{28F40104-475F-484C-B22B-021FD0A9574C} = {7A44B96E-0C60-47F2-91FB-8302606C66B5}
		{38B7AA07-DBA2-4EB6-B414-D135B2EE3193} = {7A44B96E-0C60-47F2-91FB-8302606C66B5}
		{FFAB02F8-9D20-457C-B2AD-A9703D9948CE} = {7A44B96E-0C60-47F2-91FB-8302606C66B5}
		{7A44B96E-0C60-47F2-91FB-8302606C66B5} = {2D27C080-EDCB-4CB2-91B3-D1386CB4BDF8}
		{840D67D5-7115-40CC-B0C2-84AFF63C1D60} = {2D27C080-EDCB-4CB2-91B3-D1386CB4BDF8}
		{C2D65B4C-3030-45CF-B9A7-B5A70EE41C6B} = {840D67D5-7115-40CC-B0C2-84AFF63C1D60}
		{052F1464-273B-46CE-999E-8D5FE9FB1218} = {840D67D5-7115-40CC-B0C2-84AFF63C1D60}
		{35D56EE6-2E0F-4920-BF86-EB6DDEE48E3B} = {840D67D5-7115-40CC-B0C2-84AFF63C1D60}
		{E38CE965-6DBF-48DF-A022-9844BCA00D5B} = {840D67D5-7115-40CC-B0C2-84AFF63C1D60}
		{44103037-9F49-40E9-BF71-E7A41E29CF6E} = {840D67D5-7115-40CC-B0C2-84AFF63C1D60}
		{D13BE8E3-2ED6-4C40-9B90-D92732453D80} = {840D67D5-7115-40CC-B0C2-84AFF63C1D60}
		{C69E7FC6-85F5-4BAA-B947-BCC5BEF847C7} = {840D67D5-7115-40CC-B0C2-84AFF63C1D60}
		{7A60CA4D-F459-4039-A726-5EAE78E7C2E7} = {840D67D5-7115-40CC-B0C2-84AFF63C1D60}
		{C4D48B7A-E2CE-4F8B-A2DC-329377DB984C} = {840D67D5-7115-40CC-B0C2-84AFF63C1D60}
		{D338A3CD-7D00-4483-9536-6A81CBDE0A3D} = {2D27C080-EDCB-4CB2-91B3-D1386CB4BDF8}
		{7D51BD5D-796A-402E-BFD5-84C1C86D416F} = {D338A3CD-7D00-4483-9536-6A81CBDE0A3D}
		{5DDF786C-D4B0-4A1F-8716-4184BA716DC1} = {D338A3CD-7D00-4483-9536-6A81CBDE0A3D}
		{A2E17C78-996D-41D5-813C-125879AA6080} = {D338A3CD-7D00-4483-9536-6A81CBDE0A3D}
		{BBDB5B08-DE83-40C1-971D-00D05891A254} = {D338A3CD-7D00-4483-9536-6A81CBDE0A3D}
		{763BED5A-8BF6-42A5-B8D0-E1E5BBF11C40} = {D338A3CD-7D00-4483-9536-6A81CBDE0A3D}
		{C845C0E3-4079-4746-9B03-399FCC0DA511} = {D338A3CD-7D00-4483-9536-6A81CBDE0A3D}
		{32F1ACB7-0410-4502-ABB7-95B4168B623E} = {D338A3CD-7D00-4483-9536-6A81CBDE0A3D}
		{ADD02152-B75A-4758-8CE7-EBE5A276987A} = {D338A3CD-7D00-4483-9536-6A81CBDE0A3D}
		{FE22F567-1172-46D8-926B-E6B610EF5E50} = {25A731D0-087F-4373-B4C7-C46E6A4A1AA0}
		{6D2ABBE8-04E7-4907-B64F-25CB0BD8599B} = {25A731D0-087F-4373-B4C7-C46E6A4A1AA0}
		{8F520A64-EB9D-4F16-AA96-AB167A76B96C} = {25A731D0-087F-4373-B4C7-C46E6A4A1AA0}
		{25A731D0-087F-4373-B4C7-C46E6A4A1AA0} = {D338A3CD-7D00-4483-9536-6A81CBDE0A3D}
		{831DD8BF-D825-4F79-8BCB-D199A6D11CCF} = {2D27C080-EDCB-4CB2-91B3-D1386CB4BDF8}
		{52EF200F-EFB3-45F0-9058-174426BBD8F1} = {831DD8BF-D825-4F79-8BCB-D199A6D11CCF}
		{3CEA5A42-59D6-4CB0-AE3B-095376C535B3} = {831DD8BF-D825-4F79-8BCB-D199A6D11CCF}
		{EB200FB2-F58E-41AA-9693-3533AA7821B7} = {25A731D0-087F-4373-B4C7-C46E6A4A1AA0}
		{93172D44-1B30-4F30-A774-E4F75E7B8D3E} = {D338A3CD-7D00-4483-9536-6A81CBDE0A3D}
		{192EB9CF-5DCC-4445-8D2A-7489BBF1246A} = {25A731D0-087F-4373-B4C7-C46E6A4A1AA0}
		{1C8FC6DE-69B2-4F6D-A83E-B9D81B3C2F1F} = {25A731D0-087F-4373-B4C7-C46E6A4A1AA0}
		{8763ED2C-3AE2-4F6E-9E43-0FE36C32516E} = {25A731D0-087F-4373-B4C7-C46E6A4A1AA0}
		{69BB1197-E14A-4320-998C-95DCD3695E15} = {D510AC75-652C-4684-9AE9-9BC85EE365DC}
		{828AB39B-2D09-4017-92CA-6808333FEDFE} = {D510AC75-652C-4684-9AE9-9BC85EE365DC}
		{4BA18C1F-210E-429D-B564-874686A2E90C} = {D510AC75-652C-4684-9AE9-9BC85EE365DC}
		{70532A7D-3E41-4F17-918D-C4667748BA3F} = {D510AC75-652C-4684-9AE9-9BC85EE365DC}
		{831588A4-3EA0-42DA-8B22-867D2AB04A13} = {D510AC75-652C-4684-9AE9-9BC85EE365DC}
		{0C5B27C8-7F3A-474F-B4E0-5E3B7726AAE5} = {D510AC75-652C-4684-9AE9-9BC85EE365DC}
		{15A9C81A-8135-4A5F-941E-017C8DEB8910} = {2D27C080-EDCB-4CB2-91B3-D1386CB4BDF8}
		{9CEBBEC5-8B4E-4184-B0F0-C6EB3341129C} = {15A9C81A-8135-4A5F-941E-017C8DEB8910}
		{E0BBF165-F98E-4C7E-B5EF-4EA3D3E3B683} = {15A9C81A-8135-4A5F-941E-017C8DEB8910}
		{4E71496A-C7E5-42A4-87DB-5DF8DC9B4A0C} = {15A9C81A-8135-4A5F-941E-017C8DEB8910}
		{D29D3F4B-A7CD-4407-954C-852DEE621DC7} = {15A9C81A-8135-4A5F-941E-017C8DEB8910}
		{7F93DB86-CC60-4118-9991-DFB52289D798} = {15A9C81A-8135-4A5F-941E-017C8DEB8910}
		{F7E2FA73-C3B0-4194-A286-0A7A14580CD2} = {15A9C81A-8135-4A5F-941E-017C8DEB8910}
		{C3AE0850-7CA7-4E2C-8E65-9FFAE657A0EB} = {15A9C81A-8135-4A5F-941E-017C8DEB8910}
		{E02F7DB8-C074-4FE9-86B9-0D90A748D436} = {15A9C81A-8135-4A5F-941E-017C8DEB8910}
		{99B14D74-9907-48A3-8DFB-FE73D10C8BF2} = {15A9C81A-8135-4A5F-941E-017C8DEB8910}
		{5FA15F62-C9D6-4442-B757-53F1D2F2E49A} = {15A9C81A-8135-4A5F-941E-017C8DEB8910}
		{DFD37741-0A8D-404E-BFA8-29289B07892B} = {15A9C81A-8135-4A5F-941E-017C8DEB8910}
		{556E113F-C366-4394-B266-CBCD0216FF5A} = {9CEBBEC5-8B4E-4184-B0F0-C6EB3341129C}
		{A97CAE2F-F371-4E20-92C9-ED767E4BE932} = {9CEBBEC5-8B4E-4184-B0F0-C6EB3341129C}
		{372AC4D1-EA3D-48BE-A8CC-56A109262670} = {9CEBBEC5-8B4E-4184-B0F0-C6EB3341129C}
		{28B0B8C3-29CB-4137-9A2E-05990D9C4553} = {9CEBBEC5-8B4E-4184-B0F0-C6EB3341129C}
		{A7546231-BC68-49C2-B081-2AD506CFB7C8} = {9CEBBEC5-8B4E-4184-B0F0-C6EB3341129C}
		{D454A823-11FA-4EBD-85F6-D456FD4197B3} = {9CEBBEC5-8B4E-4184-B0F0-C6EB3341129C}
		{41E5804B-D84D-4540-9570-0F4E44B2A005} = {9CEBBEC5-8B4E-4184-B0F0-C6EB3341129C}
		{2C4E62B5-ECFC-4346-8736-81B28CBD633F} = {9CEBBEC5-8B4E-4184-B0F0-C6EB3341129C}
		{6AAB4FF1-156B-4AEB-B37E-1822060A3625} = {831DD8BF-D825-4F79-8BCB-D199A6D11CCF}
		{938422E5-35C8-42BD-8A49-E00062128078} = {831DD8BF-D825-4F79-8BCB-D199A6D11CCF}
		{B7FF1BB2-A19D-4FC3-A502-16F309E7FBAC} = {831DD8BF-D825-4F79-8BCB-D199A6D11CCF}
		{AB32E284-28FB-4640-AE79-606E4A564BF3} = {831DD8BF-D825-4F79-8BCB-D199A6D11CCF}
		{A4F72387-C7BE-4B85-B1D5-C20783F8356B} = {2D27C080-EDCB-4CB2-91B3-D1386CB4BDF8}
		{2D8EE0AD-4E2F-48B6-BD84-650C7AA64C7F} = {A4F72387-C7BE-4B85-B1D5-C20783F8356B}
		{DB7EE31B-4227-4C88-B039-A003C2857ABD} = {A4F72387-C7BE-4B85-B1D5-C20783F8356B}
		{3AE6311A-94FA-4A01-A627-A6C406DCE6B9} = {A4F72387-C7BE-4B85-B1D5-C20783F8356B}
		{A42F4F62-0EA0-4BBC-92D5-F670D9F3EFFC} = {A4F72387-C7BE-4B85-B1D5-C20783F8356B}
		{876DD30E-BEA0-4023-BDC3-C46DEC6607EE} = {831DD8BF-D825-4F79-8BCB-D199A6D11CCF}
		{6C62E2B5-6051-4318-8E8D-FF577105185D} = {D510AC75-652C-4684-9AE9-9BC85EE365DC}
		{4167EA06-7012-4866-B9B0-B6FCC2AB8574} = {D510AC75-652C-4684-9AE9-9BC85EE365DC}
		{99BB37D5-C286-4A29-93C6-5B444E8A6F70} = {D510AC75-652C-4684-9AE9-9BC85EE365DC}
		{B16762F1-3DDF-440F-8745-43A1E5AF0446} = {D510AC75-652C-4684-9AE9-9BC85EE365DC}
		{D8231453-FD45-4FAB-8F5F-7FF4C8BA2233} = {D510AC75-652C-4684-9AE9-9BC85EE365DC}
		{41468D8A-621A-4A89-B43A-483FFC724652} = {D510AC75-652C-4684-9AE9-9BC85EE365DC}
		{17D5B71D-CB92-4E25-A928-BCD83D8786A9} = {7A44B96E-0C60-47F2-91FB-8302606C66B5}
		{D510AC75-652C-4684-9AE9-9BC85EE365DC} = {2D27C080-EDCB-4CB2-91B3-D1386CB4BDF8}
		{EEA571AA-9522-4634-95A6-C6FAD0C31FB2} = {1B920164-7D44-4027-9105-77E79D88F596}
		{5F4C382A-7B6E-47B7-A815-92C5B5CC26C2} = {7A44B96E-0C60-47F2-91FB-8302606C66B5}
		{ED544C7D-026C-42CF-BA7F-763D4CE176E0} = {C39C72F6-6767-4AD5-B2D7-9014AFD4DC85}
		{C513C600-7C0D-4E3F-9A98-33AAB4CFF35F} = {C39C72F6-6767-4AD5-B2D7-9014AFD4DC85}
		{C39C72F6-6767-4AD5-B2D7-9014AFD4DC85} = {544461CD-823B-4847-9213-EC40D56E819B}
		{9186D772-B20E-4330-962B-D01767C4FEE4} = {C39C72F6-6767-4AD5-B2D7-9014AFD4DC85}
		{D8391D1A-E594-4290-9F73-83582568EA9D} = {C39C72F6-6767-4AD5-B2D7-9014AFD4DC85}
		{A22D8184-4CA3-45B1-92CE-A37A799FD12D} = {C39C72F6-6767-4AD5-B2D7-9014AFD4DC85}
		{BA5DBE54-CAC7-4A10-AD23-43BC7E96AC85} = {C39C72F6-6767-4AD5-B2D7-9014AFD4DC85}
		{1B42E8F4-E17D-4878-B20A-FC6FA466FFC5} = {C39C72F6-6767-4AD5-B2D7-9014AFD4DC85}
		{E22178D4-493F-4FF3-8747-CA0222C219D2} = {C39C72F6-6767-4AD5-B2D7-9014AFD4DC85}
		{E9927A66-0D52-4DBE-8C20-7F15CE31709E} = {C39C72F6-6767-4AD5-B2D7-9014AFD4DC85}
		{931D65F3-A147-4F18-BAC5-14EF424F2EF8} = {C39C72F6-6767-4AD5-B2D7-9014AFD4DC85}
		{5FA6EF8C-A955-49A4-9CF9-76EB734B5277} = {C39C72F6-6767-4AD5-B2D7-9014AFD4DC85}
		{3D958318-D10E-4D12-A5D1-CE4F451DDF7F} = {C39C72F6-6767-4AD5-B2D7-9014AFD4DC85}
		{8340DEF9-034B-4DC2-83A4-BC6D7EEF66C1} = {C39C72F6-6767-4AD5-B2D7-9014AFD4DC85}
		{966D880F-8AF1-43BF-850D-503352C05A5D} = {544461CD-823B-4847-9213-EC40D56E819B}
		{9D1DC831-E924-437E-8DD5-979082451A9F} = {966D880F-8AF1-43BF-850D-503352C05A5D}
		{052FF467-1499-4C72-8CEB-4ADC9134C32B} = {966D880F-8AF1-43BF-850D-503352C05A5D}
		{EDF0E895-089E-4F14-B30E-39D973B1FC7B} = {966D880F-8AF1-43BF-850D-503352C05A5D}
		{443F833A-2830-4C50-8CDD-5C302D23AC0E} = {966D880F-8AF1-43BF-850D-503352C05A5D}
		{89180662-1226-4025-8D70-D4D9450058C5} = {966D880F-8AF1-43BF-850D-503352C05A5D}
		{6C82F654-3270-41B6-A9E4-67EC1C129CBA} = {966D880F-8AF1-43BF-850D-503352C05A5D}
		{C72283E9-AE01-4E5A-8A60-BACAD806CFFA} = {966D880F-8AF1-43BF-850D-503352C05A5D}
		{A7375AF1-C1BA-4D4B-9814-A7815DEAF275} = {966D880F-8AF1-43BF-850D-503352C05A5D}
		{20D12D33-ABBB-482B-B57D-25AF455CFFD3} = {966D880F-8AF1-43BF-850D-503352C05A5D}
		{3631081F-365C-4F45-8890-94BE8F011FC7} = {544461CD-823B-4847-9213-EC40D56E819B}
		{137E6687-63F9-4720-B958-A53206FDEF99} = {3631081F-365C-4F45-8890-94BE8F011FC7}
		{52A1D683-9335-4BB7-9C72-7779D5A2D8B4} = {3631081F-365C-4F45-8890-94BE8F011FC7}
		{669A1586-E38C-46EE-9876-0DD689B36CDA} = {0EC1C421-6083-4F9B-B5B9-EB7DA3E5C3AA}
		{3D6B28D2-3224-46EA-AEEC-72576A082BF4} = {3631081F-365C-4F45-8890-94BE8F011FC7}
		{CB6A4E51-32C8-4F36-B71D-B110B9298B90} = {0EC1C421-6083-4F9B-B5B9-EB7DA3E5C3AA}
		{0EC1C421-6083-4F9B-B5B9-EB7DA3E5C3AA} = {3631081F-365C-4F45-8890-94BE8F011FC7}
		{D1A33552-632B-446D-A93D-8EC499FE8862} = {0EC1C421-6083-4F9B-B5B9-EB7DA3E5C3AA}
		{8E1793C3-520C-428B-8778-EB69C5075F8A} = {0EC1C421-6083-4F9B-B5B9-EB7DA3E5C3AA}
		{FAA34F52-4EB2-4FB8-A642-DFA6085A0EF9} = {0EC1C421-6083-4F9B-B5B9-EB7DA3E5C3AA}
		{E21B40EB-AE3A-46C5-AD8C-3049D73F4945} = {0EC1C421-6083-4F9B-B5B9-EB7DA3E5C3AA}
		{A27297BF-F432-4E4B-A680-E9E2F98B6BE1} = {0EC1C421-6083-4F9B-B5B9-EB7DA3E5C3AA}
		{99268E31-0C6F-499F-9BE0-BBF70B694AA6} = {0EC1C421-6083-4F9B-B5B9-EB7DA3E5C3AA}
		{9C6D4152-6971-4C40-8111-C519E17643CF} = {0EC1C421-6083-4F9B-B5B9-EB7DA3E5C3AA}
		{3D2D9148-7CC7-41B0-A0E1-BB707AF1AEC5} = {0EC1C421-6083-4F9B-B5B9-EB7DA3E5C3AA}
		{0796B068-E5DB-4327-9E1A-4FEA0327724D} = {1B920164-7D44-4027-9105-77E79D88F596}
		{F557DF5F-6334-46B9-B55E-75D129BE68D8} = {0796B068-E5DB-4327-9E1A-4FEA0327724D}
	EndGlobalSection
	GlobalSection(ExtensibilityGlobals) = postSolution
		SolutionGuid = {4FE59B99-E08D-4F92-811C-F4EFC77277FA}
	EndGlobalSection
EndGlobal
